// !$*UTF8*$!
{
	archiveVersion = 1;
	classes = {
	};
	objectVersion = 46;
	objects = {

/* Begin PBXBuildFile section */
		9206DA45193F2A7900DA0F24 /* INUEventInfoTableViewController.m in Sources */ = {isa = PBXBuildFile; fileRef = 9206DA44193F2A7900DA0F24 /* INUEventInfoTableViewController.m */; };
		92114B561961949A00039EFC /* introduction_welcome.png in Resources */ = {isa = PBXBuildFile; fileRef = 92114B551961949A00039EFC /* introduction_welcome.png */; };
		92114B5A19619FFB00039EFC /* introduction_email.png in Resources */ = {isa = PBXBuildFile; fileRef = 92114B5919619FFB00039EFC /* introduction_email.png */; };
		92114B5D1961AF6D00039EFC /* INUConfig.m in Sources */ = {isa = PBXBuildFile; fileRef = 92114B5C1961AF6D00039EFC /* INUConfig.m */; };
		92144D2E1971385900010BEB /* index_header.jpg in Resources */ = {isa = PBXBuildFile; fileRef = 92144D2D1971385900010BEB /* index_header.jpg */; };
		921976C419729CFC0043A2CD /* welcome_bg.jpg in Resources */ = {isa = PBXBuildFile; fileRef = 921976C319729CFC0043A2CD /* welcome_bg.jpg */; };
		9222DF6219D9B5A3009C5A11 /* AFHTTPRequestOperation.m in Sources */ = {isa = PBXBuildFile; fileRef = 9222DF5019D9B5A3009C5A11 /* AFHTTPRequestOperation.m */; };
		9222DF6319D9B5A3009C5A11 /* AFHTTPRequestOperationManager.m in Sources */ = {isa = PBXBuildFile; fileRef = 9222DF5219D9B5A3009C5A11 /* AFHTTPRequestOperationManager.m */; };
		9222DF6419D9B5A3009C5A11 /* AFHTTPSessionManager.m in Sources */ = {isa = PBXBuildFile; fileRef = 9222DF5419D9B5A3009C5A11 /* AFHTTPSessionManager.m */; };
		9222DF6519D9B5A3009C5A11 /* AFNetworkReachabilityManager.m in Sources */ = {isa = PBXBuildFile; fileRef = 9222DF5719D9B5A3009C5A11 /* AFNetworkReachabilityManager.m */; };
		9222DF6619D9B5A3009C5A11 /* AFSecurityPolicy.m in Sources */ = {isa = PBXBuildFile; fileRef = 9222DF5919D9B5A3009C5A11 /* AFSecurityPolicy.m */; };
		9222DF6719D9B5A3009C5A11 /* AFURLConnectionOperation.m in Sources */ = {isa = PBXBuildFile; fileRef = 9222DF5B19D9B5A3009C5A11 /* AFURLConnectionOperation.m */; };
		9222DF6819D9B5A3009C5A11 /* AFURLRequestSerialization.m in Sources */ = {isa = PBXBuildFile; fileRef = 9222DF5D19D9B5A3009C5A11 /* AFURLRequestSerialization.m */; };
		9222DF6919D9B5A3009C5A11 /* AFURLResponseSerialization.m in Sources */ = {isa = PBXBuildFile; fileRef = 9222DF5F19D9B5A3009C5A11 /* AFURLResponseSerialization.m */; };
		9222DF6A19D9B5A3009C5A11 /* AFURLSessionManager.m in Sources */ = {isa = PBXBuildFile; fileRef = 9222DF6119D9B5A3009C5A11 /* AFURLSessionManager.m */; };
		922454871951CB4D0058FF50 /* INUSpinnerView.m in Sources */ = {isa = PBXBuildFile; fileRef = 922454861951CB4D0058FF50 /* INUSpinnerView.m */; };
		9248830F1955BDB20034BFDD /* INUAboutTableViewController.m in Sources */ = {isa = PBXBuildFile; fileRef = 9248830E1955BDB20034BFDD /* INUAboutTableViewController.m */; };
		924883121955CCB80034BFDD /* INUVersionHistoryViewController.m in Sources */ = {isa = PBXBuildFile; fileRef = 924883111955CCB80034BFDD /* INUVersionHistoryViewController.m */; };
		924883151955CD890034BFDD /* Version-History.txt in Resources */ = {isa = PBXBuildFile; fileRef = 924883141955CD890034BFDD /* Version-History.txt */; };
		924D12EE19F79198005625DE /* UIImage+Utils.m in Sources */ = {isa = PBXBuildFile; fileRef = 924D12ED19F79198005625DE /* UIImage+Utils.m */; };
		924F0FDA1981523A0076FDDF /* INUInputTableViewCell.m in Sources */ = {isa = PBXBuildFile; fileRef = 924F0FD91981523A0076FDDF /* INUInputTableViewCell.m */; };
		924F0FDD19815B010076FDDF /* INUTextTableViewCell.m in Sources */ = {isa = PBXBuildFile; fileRef = 924F0FDC19815B010076FDDF /* INUTextTableViewCell.m */; };
		9265B4A4196F2BD500FA8ED4 /* default_header.jpg in Resources */ = {isa = PBXBuildFile; fileRef = 9265B4A3196F2BD500FA8ED4 /* default_header.jpg */; };
		92676C75197179E2005ADA19 /* INUSplitViewController.m in Sources */ = {isa = PBXBuildFile; fileRef = 92676C74197179E2005ADA19 /* INUSplitViewController.m */; };
		92733C491961E7210076C10B /* INUSplitDetailViewController.m in Sources */ = {isa = PBXBuildFile; fileRef = 92733C481961E7210076C10B /* INUSplitDetailViewController.m */; };
		927F59DC193E2A0100EEEC62 /* INUDataManager.m in Sources */ = {isa = PBXBuildFile; fileRef = 927F59DB193E2A0100EEEC62 /* INUDataManager.m */; };
		927F59DF193E2E5300EEEC62 /* User.m in Sources */ = {isa = PBXBuildFile; fileRef = 927F59DE193E2E5300EEEC62 /* User.m */; };
		927F59E4193E56B600EEEC62 /* Bookmark.m in Sources */ = {isa = PBXBuildFile; fileRef = 927F59E3193E56B600EEEC62 /* Bookmark.m */; };
		9283756E193A494D0000CCD6 /* Foundation.framework in Frameworks */ = {isa = PBXBuildFile; fileRef = 9283756D193A494D0000CCD6 /* Foundation.framework */; };
		92837570193A494D0000CCD6 /* CoreGraphics.framework in Frameworks */ = {isa = PBXBuildFile; fileRef = 9283756F193A494D0000CCD6 /* CoreGraphics.framework */; };
		92837572193A494D0000CCD6 /* UIKit.framework in Frameworks */ = {isa = PBXBuildFile; fileRef = 92837571193A494D0000CCD6 /* UIKit.framework */; };
		9283757A193A494D0000CCD6 /* main.m in Sources */ = {isa = PBXBuildFile; fileRef = 92837579193A494D0000CCD6 /* main.m */; };
		9283757E193A494D0000CCD6 /* INUAppDelegate.m in Sources */ = {isa = PBXBuildFile; fileRef = 9283757D193A494D0000CCD6 /* INUAppDelegate.m */; };
		92837580193A494D0000CCD6 /* Images.xcassets in Resources */ = {isa = PBXBuildFile; fileRef = 9283757F193A494D0000CCD6 /* Images.xcassets */; };
		92837587193A494D0000CCD6 /* XCTest.framework in Frameworks */ = {isa = PBXBuildFile; fileRef = 92837586193A494D0000CCD6 /* XCTest.framework */; };
		92837588193A494D0000CCD6 /* Foundation.framework in Frameworks */ = {isa = PBXBuildFile; fileRef = 9283756D193A494D0000CCD6 /* Foundation.framework */; };
		92837589193A494D0000CCD6 /* UIKit.framework in Frameworks */ = {isa = PBXBuildFile; fileRef = 92837571193A494D0000CCD6 /* UIKit.framework */; };
		92837591193A494D0000CCD6 /* InfoPlist.strings in Resources */ = {isa = PBXBuildFile; fileRef = 9283758F193A494D0000CCD6 /* InfoPlist.strings */; };
		92837593193A494D0000CCD6 /* Inutivent_iOSTests.m in Sources */ = {isa = PBXBuildFile; fileRef = 92837592193A494D0000CCD6 /* Inutivent_iOSTests.m */; };
		928375A5193A6C670000CCD6 /* INUEventsTableViewController.m in Sources */ = {isa = PBXBuildFile; fileRef = 928375A4193A6C670000CCD6 /* INUEventsTableViewController.m */; };
		928375A8193A6F030000CCD6 /* Event.m in Sources */ = {isa = PBXBuildFile; fileRef = 928375A7193A6F030000CCD6 /* Event.m */; };
		9285E374197EA36900F3919B /* INUEditTableViewController.m in Sources */ = {isa = PBXBuildFile; fileRef = 9285E373197EA36900F3919B /* INUEditTableViewController.m */; };
		9285E377197EA7AF00F3919B /* INUDateTableViewCell.m in Sources */ = {isa = PBXBuildFile; fileRef = 9285E376197EA7AF00F3919B /* INUDateTableViewCell.m */; };
		928D1DAE195B0BCA0087EAA5 /* INUWelcomeViewController.m in Sources */ = {isa = PBXBuildFile; fileRef = 928D1DAD195B0BCA0087EAA5 /* INUWelcomeViewController.m */; };
		928D1DB1195B11650087EAA5 /* INUWelcomeContentViewController.m in Sources */ = {isa = PBXBuildFile; fileRef = 928D1DB0195B11650087EAA5 /* INUWelcomeContentViewController.m */; };
		929559A819F8213B00F39C86 /* MKAnnotationView+WebCache.m in Sources */ = {isa = PBXBuildFile; fileRef = 9295598819F8213B00F39C86 /* MKAnnotationView+WebCache.m */; };
		929559A919F8213B00F39C86 /* NSData+ImageContentType.m in Sources */ = {isa = PBXBuildFile; fileRef = 9295598A19F8213B00F39C86 /* NSData+ImageContentType.m */; };
		929559AA19F8213B00F39C86 /* SDImageCache.m in Sources */ = {isa = PBXBuildFile; fileRef = 9295598C19F8213B00F39C86 /* SDImageCache.m */; };
		929559AB19F8213B00F39C86 /* SDWebImageCompat.m in Sources */ = {isa = PBXBuildFile; fileRef = 9295598E19F8213B00F39C86 /* SDWebImageCompat.m */; };
		929559AC19F8213B00F39C86 /* SDWebImageDecoder.m in Sources */ = {isa = PBXBuildFile; fileRef = 9295599019F8213B00F39C86 /* SDWebImageDecoder.m */; };
		929559AD19F8213B00F39C86 /* SDWebImageDownloader.m in Sources */ = {isa = PBXBuildFile; fileRef = 9295599219F8213B00F39C86 /* SDWebImageDownloader.m */; };
		929559AE19F8213B00F39C86 /* SDWebImageDownloaderOperation.m in Sources */ = {isa = PBXBuildFile; fileRef = 9295599419F8213B00F39C86 /* SDWebImageDownloaderOperation.m */; };
		929559AF19F8213B00F39C86 /* SDWebImageManager.m in Sources */ = {isa = PBXBuildFile; fileRef = 9295599619F8213B00F39C86 /* SDWebImageManager.m */; };
		929559B019F8213B00F39C86 /* SDWebImagePrefetcher.m in Sources */ = {isa = PBXBuildFile; fileRef = 9295599919F8213B00F39C86 /* SDWebImagePrefetcher.m */; };
		929559B119F8213B00F39C86 /* UIButton+WebCache.m in Sources */ = {isa = PBXBuildFile; fileRef = 9295599B19F8213B00F39C86 /* UIButton+WebCache.m */; };
		929559B219F8213B00F39C86 /* UIImage+GIF.m in Sources */ = {isa = PBXBuildFile; fileRef = 9295599D19F8213B00F39C86 /* UIImage+GIF.m */; };
		929559B319F8213B00F39C86 /* UIImage+MultiFormat.m in Sources */ = {isa = PBXBuildFile; fileRef = 9295599F19F8213B00F39C86 /* UIImage+MultiFormat.m */; };
		929559B419F8213B00F39C86 /* UIImage+WebP.m in Sources */ = {isa = PBXBuildFile; fileRef = 929559A119F8213B00F39C86 /* UIImage+WebP.m */; };
		929559B519F8213B00F39C86 /* UIImageView+HighlightedWebCache.m in Sources */ = {isa = PBXBuildFile; fileRef = 929559A319F8213B00F39C86 /* UIImageView+HighlightedWebCache.m */; };
		929559B619F8213B00F39C86 /* UIImageView+WebCache.m in Sources */ = {isa = PBXBuildFile; fileRef = 929559A519F8213B00F39C86 /* UIImageView+WebCache.m */; };
		929559B719F8213B00F39C86 /* UIView+WebCacheOperation.m in Sources */ = {isa = PBXBuildFile; fileRef = 929559A719F8213B00F39C86 /* UIView+WebCacheOperation.m */; };
		92A07D0D19E0860D00099719 /* Launch.storyboard in Resources */ = {isa = PBXBuildFile; fileRef = 92A07D0C19E0860D00099719 /* Launch.storyboard */; };
		92A27756195C8CEE0016CCDB /* introduction_event_comments.png in Resources */ = {isa = PBXBuildFile; fileRef = 92A27752195C8CEE0016CCDB /* introduction_event_comments.png */; };
		92A27758195C8CEE0016CCDB /* introduction_event_info.png in Resources */ = {isa = PBXBuildFile; fileRef = 92A27754195C8CEE0016CCDB /* introduction_event_info.png */; };
		92A2775C195C9AAF0016CCDB /* introduction_event_guests.png in Resources */ = {isa = PBXBuildFile; fileRef = 92A2775A195C9AAF0016CCDB /* introduction_event_guests.png */; };
		92A5C31C19489FFB00D40CAC /* Post.m in Sources */ = {isa = PBXBuildFile; fileRef = 92A5C31B19489FFB00D40CAC /* Post.m */; };
		92A5C3201948AD9B00D40CAC /* INUPostsTableViewController.m in Sources */ = {isa = PBXBuildFile; fileRef = 92A5C31F1948AD9B00D40CAC /* INUPostsTableViewController.m */; };
		92A5C3231948B2EB00D40CAC /* INUPostTableViewCell.m in Sources */ = {isa = PBXBuildFile; fileRef = 92A5C3221948B2EB00D40CAC /* INUPostTableViewCell.m */; };
		92A98E191988EBDB00BFA6FC /* INUConstants.m in Sources */ = {isa = PBXBuildFile; fileRef = 92A98E181988EBDB00BFA6FC /* INUConstants.m */; };
		92A98E1C198902F200BFA6FC /* ServiceError.m in Sources */ = {isa = PBXBuildFile; fileRef = 92A98E1B198902F200BFA6FC /* ServiceError.m */; };
		92A98E221989495900BFA6FC /* INUInviteViewController.m in Sources */ = {isa = PBXBuildFile; fileRef = 92A98E211989495900BFA6FC /* INUInviteViewController.m */; };
		92B5E236195C41AB00D46F8C /* ExampleEvent.m in Sources */ = {isa = PBXBuildFile; fileRef = 92B5E235195C41AB00D46F8C /* ExampleEvent.m */; };
		92BCB0331947478300A1E882 /* UI.xcassets in Resources */ = {isa = PBXBuildFile; fileRef = 92BCB0321947478300A1E882 /* UI.xcassets */; };
		92C00D79198A57BD00EAB7A3 /* AddressBook.framework in Frameworks */ = {isa = PBXBuildFile; fileRef = 92C00D78198A57BD00EAB7A3 /* AddressBook.framework */; };
		92C00D7D198A8A6400EAB7A3 /* Contact.m in Sources */ = {isa = PBXBuildFile; fileRef = 92C00D7C198A8A6400EAB7A3 /* Contact.m */; };
		92CB1F2619478A5800309850 /* INUGuestsTableViewController.m in Sources */ = {isa = PBXBuildFile; fileRef = 92CB1F2519478A5800309850 /* INUGuestsTableViewController.m */; };
		92CB1F29194791A100309850 /* INUListSection.m in Sources */ = {isa = PBXBuildFile; fileRef = 92CB1F28194791A100309850 /* INUListSection.m */; };
		92D3ED701A7FD9120059BAC4 /* Main-iPad.storyboard in Resources */ = {isa = PBXBuildFile; fileRef = 92D3ED6E1A7FD9120059BAC4 /* Main-iPad.storyboard */; };
		92D3ED711A7FD9120059BAC4 /* Main.storyboard in Resources */ = {isa = PBXBuildFile; fileRef = 92D3ED6F1A7FD9120059BAC4 /* Main.storyboard */; };
		92D3ED741A7FDA520059BAC4 /* Localizable.strings in Resources */ = {isa = PBXBuildFile; fileRef = 92D3ED721A7FDA520059BAC4 /* Localizable.strings */; };
		92E0E2BC1940D1B100D9ACDD /* INUUtils.m in Sources */ = {isa = PBXBuildFile; fileRef = 92E0E2BB1940D1B100D9ACDD /* INUUtils.m */; };
		92E6D55C19641A120096D562 /* INULabel.m in Sources */ = {isa = PBXBuildFile; fileRef = 92E6D55B19641A120096D562 /* INULabel.m */; };
		92F68FD21950D0CE00DCACB7 /* INUEventTabBarController.m in Sources */ = {isa = PBXBuildFile; fileRef = 92F68FD11950D0CE00DCACB7 /* INUEventTabBarController.m */; };
/* End PBXBuildFile section */

/* Begin PBXContainerItemProxy section */
		9283758A193A494D0000CCD6 /* PBXContainerItemProxy */ = {
			isa = PBXContainerItemProxy;
			containerPortal = 92837562193A494D0000CCD6 /* Project object */;
			proxyType = 1;
			remoteGlobalIDString = 92837569193A494D0000CCD6;
			remoteInfo = "Inutivent-iOS";
		};
/* End PBXContainerItemProxy section */

/* Begin PBXFileReference section */
		9206DA43193F2A7900DA0F24 /* INUEventInfoTableViewController.h */ = {isa = PBXFileReference; fileEncoding = 4; lastKnownFileType = sourcecode.c.h; path = INUEventInfoTableViewController.h; sourceTree = "<group>"; };
		9206DA44193F2A7900DA0F24 /* INUEventInfoTableViewController.m */ = {isa = PBXFileReference; fileEncoding = 4; lastKnownFileType = sourcecode.c.objc; path = INUEventInfoTableViewController.m; sourceTree = "<group>"; };
		92114B551961949A00039EFC /* introduction_welcome.png */ = {isa = PBXFileReference; lastKnownFileType = image.png; path = introduction_welcome.png; sourceTree = "<group>"; };
		92114B5919619FFB00039EFC /* introduction_email.png */ = {isa = PBXFileReference; lastKnownFileType = image.png; path = introduction_email.png; sourceTree = "<group>"; };
		92114B5B1961AF6D00039EFC /* INUConfig.h */ = {isa = PBXFileReference; fileEncoding = 4; lastKnownFileType = sourcecode.c.h; path = INUConfig.h; sourceTree = "<group>"; };
		92114B5C1961AF6D00039EFC /* INUConfig.m */ = {isa = PBXFileReference; fileEncoding = 4; lastKnownFileType = sourcecode.c.objc; path = INUConfig.m; sourceTree = "<group>"; };
		92144D2D1971385900010BEB /* index_header.jpg */ = {isa = PBXFileReference; lastKnownFileType = image.jpeg; path = index_header.jpg; sourceTree = "<group>"; };
		921976C319729CFC0043A2CD /* welcome_bg.jpg */ = {isa = PBXFileReference; lastKnownFileType = image.jpeg; path = welcome_bg.jpg; sourceTree = "<group>"; };
		9222DF4F19D9B5A3009C5A11 /* AFHTTPRequestOperation.h */ = {isa = PBXFileReference; fileEncoding = 4; lastKnownFileType = sourcecode.c.h; path = AFHTTPRequestOperation.h; sourceTree = "<group>"; };
		9222DF5019D9B5A3009C5A11 /* AFHTTPRequestOperation.m */ = {isa = PBXFileReference; fileEncoding = 4; lastKnownFileType = sourcecode.c.objc; path = AFHTTPRequestOperation.m; sourceTree = "<group>"; };
		9222DF5119D9B5A3009C5A11 /* AFHTTPRequestOperationManager.h */ = {isa = PBXFileReference; fileEncoding = 4; lastKnownFileType = sourcecode.c.h; path = AFHTTPRequestOperationManager.h; sourceTree = "<group>"; };
		9222DF5219D9B5A3009C5A11 /* AFHTTPRequestOperationManager.m */ = {isa = PBXFileReference; fileEncoding = 4; lastKnownFileType = sourcecode.c.objc; path = AFHTTPRequestOperationManager.m; sourceTree = "<group>"; };
		9222DF5319D9B5A3009C5A11 /* AFHTTPSessionManager.h */ = {isa = PBXFileReference; fileEncoding = 4; lastKnownFileType = sourcecode.c.h; path = AFHTTPSessionManager.h; sourceTree = "<group>"; };
		9222DF5419D9B5A3009C5A11 /* AFHTTPSessionManager.m */ = {isa = PBXFileReference; fileEncoding = 4; lastKnownFileType = sourcecode.c.objc; path = AFHTTPSessionManager.m; sourceTree = "<group>"; };
		9222DF5519D9B5A3009C5A11 /* AFNetworking.h */ = {isa = PBXFileReference; fileEncoding = 4; lastKnownFileType = sourcecode.c.h; path = AFNetworking.h; sourceTree = "<group>"; };
		9222DF5619D9B5A3009C5A11 /* AFNetworkReachabilityManager.h */ = {isa = PBXFileReference; fileEncoding = 4; lastKnownFileType = sourcecode.c.h; path = AFNetworkReachabilityManager.h; sourceTree = "<group>"; };
		9222DF5719D9B5A3009C5A11 /* AFNetworkReachabilityManager.m */ = {isa = PBXFileReference; fileEncoding = 4; lastKnownFileType = sourcecode.c.objc; path = AFNetworkReachabilityManager.m; sourceTree = "<group>"; };
		9222DF5819D9B5A3009C5A11 /* AFSecurityPolicy.h */ = {isa = PBXFileReference; fileEncoding = 4; lastKnownFileType = sourcecode.c.h; path = AFSecurityPolicy.h; sourceTree = "<group>"; };
		9222DF5919D9B5A3009C5A11 /* AFSecurityPolicy.m */ = {isa = PBXFileReference; fileEncoding = 4; lastKnownFileType = sourcecode.c.objc; path = AFSecurityPolicy.m; sourceTree = "<group>"; };
		9222DF5A19D9B5A3009C5A11 /* AFURLConnectionOperation.h */ = {isa = PBXFileReference; fileEncoding = 4; lastKnownFileType = sourcecode.c.h; path = AFURLConnectionOperation.h; sourceTree = "<group>"; };
		9222DF5B19D9B5A3009C5A11 /* AFURLConnectionOperation.m */ = {isa = PBXFileReference; fileEncoding = 4; lastKnownFileType = sourcecode.c.objc; path = AFURLConnectionOperation.m; sourceTree = "<group>"; };
		9222DF5C19D9B5A3009C5A11 /* AFURLRequestSerialization.h */ = {isa = PBXFileReference; fileEncoding = 4; lastKnownFileType = sourcecode.c.h; path = AFURLRequestSerialization.h; sourceTree = "<group>"; };
		9222DF5D19D9B5A3009C5A11 /* AFURLRequestSerialization.m */ = {isa = PBXFileReference; fileEncoding = 4; lastKnownFileType = sourcecode.c.objc; path = AFURLRequestSerialization.m; sourceTree = "<group>"; };
		9222DF5E19D9B5A3009C5A11 /* AFURLResponseSerialization.h */ = {isa = PBXFileReference; fileEncoding = 4; lastKnownFileType = sourcecode.c.h; path = AFURLResponseSerialization.h; sourceTree = "<group>"; };
		9222DF5F19D9B5A3009C5A11 /* AFURLResponseSerialization.m */ = {isa = PBXFileReference; fileEncoding = 4; lastKnownFileType = sourcecode.c.objc; path = AFURLResponseSerialization.m; sourceTree = "<group>"; };
		9222DF6019D9B5A3009C5A11 /* AFURLSessionManager.h */ = {isa = PBXFileReference; fileEncoding = 4; lastKnownFileType = sourcecode.c.h; path = AFURLSessionManager.h; sourceTree = "<group>"; };
		9222DF6119D9B5A3009C5A11 /* AFURLSessionManager.m */ = {isa = PBXFileReference; fileEncoding = 4; lastKnownFileType = sourcecode.c.objc; path = AFURLSessionManager.m; sourceTree = "<group>"; };
		922454851951CB4D0058FF50 /* INUSpinnerView.h */ = {isa = PBXFileReference; fileEncoding = 4; lastKnownFileType = sourcecode.c.h; path = INUSpinnerView.h; sourceTree = "<group>"; };
		922454861951CB4D0058FF50 /* INUSpinnerView.m */ = {isa = PBXFileReference; fileEncoding = 4; lastKnownFileType = sourcecode.c.objc; path = INUSpinnerView.m; sourceTree = "<group>"; };
		9248830D1955BDB20034BFDD /* INUAboutTableViewController.h */ = {isa = PBXFileReference; fileEncoding = 4; lastKnownFileType = sourcecode.c.h; path = INUAboutTableViewController.h; sourceTree = "<group>"; };
		9248830E1955BDB20034BFDD /* INUAboutTableViewController.m */ = {isa = PBXFileReference; fileEncoding = 4; lastKnownFileType = sourcecode.c.objc; path = INUAboutTableViewController.m; sourceTree = "<group>"; };
		924883101955CCB80034BFDD /* INUVersionHistoryViewController.h */ = {isa = PBXFileReference; fileEncoding = 4; lastKnownFileType = sourcecode.c.h; path = INUVersionHistoryViewController.h; sourceTree = "<group>"; };
		924883111955CCB80034BFDD /* INUVersionHistoryViewController.m */ = {isa = PBXFileReference; fileEncoding = 4; lastKnownFileType = sourcecode.c.objc; path = INUVersionHistoryViewController.m; sourceTree = "<group>"; };
		924883141955CD890034BFDD /* Version-History.txt */ = {isa = PBXFileReference; fileEncoding = 4; lastKnownFileType = text; path = "Version-History.txt"; sourceTree = "<group>"; };
		924D12EC19F79198005625DE /* UIImage+Utils.h */ = {isa = PBXFileReference; fileEncoding = 4; lastKnownFileType = sourcecode.c.h; name = "UIImage+Utils.h"; path = "Utils/UIImage+Utils.h"; sourceTree = "<group>"; };
		924D12ED19F79198005625DE /* UIImage+Utils.m */ = {isa = PBXFileReference; fileEncoding = 4; lastKnownFileType = sourcecode.c.objc; name = "UIImage+Utils.m"; path = "Utils/UIImage+Utils.m"; sourceTree = "<group>"; };
		924F0FD81981523A0076FDDF /* INUInputTableViewCell.h */ = {isa = PBXFileReference; fileEncoding = 4; lastKnownFileType = sourcecode.c.h; path = INUInputTableViewCell.h; sourceTree = "<group>"; };
		924F0FD91981523A0076FDDF /* INUInputTableViewCell.m */ = {isa = PBXFileReference; fileEncoding = 4; lastKnownFileType = sourcecode.c.objc; path = INUInputTableViewCell.m; sourceTree = "<group>"; };
		924F0FDB19815B010076FDDF /* INUTextTableViewCell.h */ = {isa = PBXFileReference; fileEncoding = 4; lastKnownFileType = sourcecode.c.h; path = INUTextTableViewCell.h; sourceTree = "<group>"; };
		924F0FDC19815B010076FDDF /* INUTextTableViewCell.m */ = {isa = PBXFileReference; fileEncoding = 4; lastKnownFileType = sourcecode.c.objc; path = INUTextTableViewCell.m; sourceTree = "<group>"; };
		9265B4A3196F2BD500FA8ED4 /* default_header.jpg */ = {isa = PBXFileReference; lastKnownFileType = image.jpeg; path = default_header.jpg; sourceTree = "<group>"; };
		92676C73197179E2005ADA19 /* INUSplitViewController.h */ = {isa = PBXFileReference; fileEncoding = 4; lastKnownFileType = sourcecode.c.h; path = INUSplitViewController.h; sourceTree = "<group>"; };
		92676C74197179E2005ADA19 /* INUSplitViewController.m */ = {isa = PBXFileReference; fileEncoding = 4; lastKnownFileType = sourcecode.c.objc; path = INUSplitViewController.m; sourceTree = "<group>"; };
		92733C471961E7210076C10B /* INUSplitDetailViewController.h */ = {isa = PBXFileReference; fileEncoding = 4; lastKnownFileType = sourcecode.c.h; path = INUSplitDetailViewController.h; sourceTree = "<group>"; };
		92733C481961E7210076C10B /* INUSplitDetailViewController.m */ = {isa = PBXFileReference; fileEncoding = 4; lastKnownFileType = sourcecode.c.objc; path = INUSplitDetailViewController.m; sourceTree = "<group>"; };
		927F59DA193E2A0100EEEC62 /* INUDataManager.h */ = {isa = PBXFileReference; fileEncoding = 4; lastKnownFileType = sourcecode.c.h; path = INUDataManager.h; sourceTree = "<group>"; };
		927F59DB193E2A0100EEEC62 /* INUDataManager.m */ = {isa = PBXFileReference; fileEncoding = 4; lastKnownFileType = sourcecode.c.objc; path = INUDataManager.m; sourceTree = "<group>"; };
		927F59DD193E2E5300EEEC62 /* User.h */ = {isa = PBXFileReference; fileEncoding = 4; lastKnownFileType = sourcecode.c.h; path = User.h; sourceTree = "<group>"; };
		927F59DE193E2E5300EEEC62 /* User.m */ = {isa = PBXFileReference; fileEncoding = 4; lastKnownFileType = sourcecode.c.objc; path = User.m; sourceTree = "<group>"; };
		927F59E2193E56B600EEEC62 /* Bookmark.h */ = {isa = PBXFileReference; fileEncoding = 4; lastKnownFileType = sourcecode.c.h; path = Bookmark.h; sourceTree = "<group>"; };
		927F59E3193E56B600EEEC62 /* Bookmark.m */ = {isa = PBXFileReference; fileEncoding = 4; lastKnownFileType = sourcecode.c.objc; path = Bookmark.m; sourceTree = "<group>"; };
		9283756A193A494D0000CCD6 /* Gromf.app */ = {isa = PBXFileReference; explicitFileType = wrapper.application; includeInIndex = 0; path = Gromf.app; sourceTree = BUILT_PRODUCTS_DIR; };
		9283756D193A494D0000CCD6 /* Foundation.framework */ = {isa = PBXFileReference; lastKnownFileType = wrapper.framework; name = Foundation.framework; path = System/Library/Frameworks/Foundation.framework; sourceTree = SDKROOT; };
		9283756F193A494D0000CCD6 /* CoreGraphics.framework */ = {isa = PBXFileReference; lastKnownFileType = wrapper.framework; name = CoreGraphics.framework; path = System/Library/Frameworks/CoreGraphics.framework; sourceTree = SDKROOT; };
		92837571193A494D0000CCD6 /* UIKit.framework */ = {isa = PBXFileReference; lastKnownFileType = wrapper.framework; name = UIKit.framework; path = System/Library/Frameworks/UIKit.framework; sourceTree = SDKROOT; };
		92837575193A494D0000CCD6 /* Gromf-Info.plist */ = {isa = PBXFileReference; lastKnownFileType = text.plist.xml; path = "Gromf-Info.plist"; sourceTree = "<group>"; };
		92837579193A494D0000CCD6 /* main.m */ = {isa = PBXFileReference; lastKnownFileType = sourcecode.c.objc; path = main.m; sourceTree = "<group>"; };
		9283757B193A494D0000CCD6 /* Gromf-Prefix.pch */ = {isa = PBXFileReference; lastKnownFileType = sourcecode.c.h; path = "Gromf-Prefix.pch"; sourceTree = "<group>"; };
		9283757C193A494D0000CCD6 /* INUAppDelegate.h */ = {isa = PBXFileReference; lastKnownFileType = sourcecode.c.h; path = INUAppDelegate.h; sourceTree = "<group>"; };
		9283757D193A494D0000CCD6 /* INUAppDelegate.m */ = {isa = PBXFileReference; lastKnownFileType = sourcecode.c.objc; path = INUAppDelegate.m; sourceTree = "<group>"; };
		9283757F193A494D0000CCD6 /* Images.xcassets */ = {isa = PBXFileReference; lastKnownFileType = folder.assetcatalog; path = Images.xcassets; sourceTree = "<group>"; };
		92837585193A494D0000CCD6 /* Inutivent-Tests.xctest */ = {isa = PBXFileReference; explicitFileType = wrapper.cfbundle; includeInIndex = 0; path = "Inutivent-Tests.xctest"; sourceTree = BUILT_PRODUCTS_DIR; };
		92837586193A494D0000CCD6 /* XCTest.framework */ = {isa = PBXFileReference; lastKnownFileType = wrapper.framework; name = XCTest.framework; path = Library/Frameworks/XCTest.framework; sourceTree = DEVELOPER_DIR; };
		9283758E193A494D0000CCD6 /* GromfTests-Info.plist */ = {isa = PBXFileReference; lastKnownFileType = text.plist.xml; path = "GromfTests-Info.plist"; sourceTree = "<group>"; };
		92837590193A494D0000CCD6 /* en */ = {isa = PBXFileReference; lastKnownFileType = text.plist.strings; name = en; path = en.lproj/InfoPlist.strings; sourceTree = "<group>"; };
		92837592193A494D0000CCD6 /* Inutivent_iOSTests.m */ = {isa = PBXFileReference; lastKnownFileType = sourcecode.c.objc; path = Inutivent_iOSTests.m; sourceTree = "<group>"; };
		928375A3193A6C670000CCD6 /* INUEventsTableViewController.h */ = {isa = PBXFileReference; fileEncoding = 4; lastKnownFileType = sourcecode.c.h; path = INUEventsTableViewController.h; sourceTree = "<group>"; };
		928375A4193A6C670000CCD6 /* INUEventsTableViewController.m */ = {isa = PBXFileReference; fileEncoding = 4; lastKnownFileType = sourcecode.c.objc; path = INUEventsTableViewController.m; sourceTree = "<group>"; };
		928375A6193A6F030000CCD6 /* Event.h */ = {isa = PBXFileReference; fileEncoding = 4; lastKnownFileType = sourcecode.c.h; path = Event.h; sourceTree = "<group>"; };
		928375A7193A6F030000CCD6 /* Event.m */ = {isa = PBXFileReference; fileEncoding = 4; lastKnownFileType = sourcecode.c.objc; path = Event.m; sourceTree = "<group>"; };
		9285E372197EA36900F3919B /* INUEditTableViewController.h */ = {isa = PBXFileReference; fileEncoding = 4; lastKnownFileType = sourcecode.c.h; path = INUEditTableViewController.h; sourceTree = "<group>"; };
		9285E373197EA36900F3919B /* INUEditTableViewController.m */ = {isa = PBXFileReference; fileEncoding = 4; lastKnownFileType = sourcecode.c.objc; path = INUEditTableViewController.m; sourceTree = "<group>"; };
		9285E375197EA7AF00F3919B /* INUDateTableViewCell.h */ = {isa = PBXFileReference; fileEncoding = 4; lastKnownFileType = sourcecode.c.h; path = INUDateTableViewCell.h; sourceTree = "<group>"; };
		9285E376197EA7AF00F3919B /* INUDateTableViewCell.m */ = {isa = PBXFileReference; fileEncoding = 4; lastKnownFileType = sourcecode.c.objc; path = INUDateTableViewCell.m; sourceTree = "<group>"; };
		928D1DAC195B0BCA0087EAA5 /* INUWelcomeViewController.h */ = {isa = PBXFileReference; fileEncoding = 4; lastKnownFileType = sourcecode.c.h; path = INUWelcomeViewController.h; sourceTree = "<group>"; };
		928D1DAD195B0BCA0087EAA5 /* INUWelcomeViewController.m */ = {isa = PBXFileReference; fileEncoding = 4; lastKnownFileType = sourcecode.c.objc; path = INUWelcomeViewController.m; sourceTree = "<group>"; };
		928D1DAF195B11650087EAA5 /* INUWelcomeContentViewController.h */ = {isa = PBXFileReference; fileEncoding = 4; lastKnownFileType = sourcecode.c.h; path = INUWelcomeContentViewController.h; sourceTree = "<group>"; };
		928D1DB0195B11650087EAA5 /* INUWelcomeContentViewController.m */ = {isa = PBXFileReference; fileEncoding = 4; lastKnownFileType = sourcecode.c.objc; path = INUWelcomeContentViewController.m; sourceTree = "<group>"; };
		9295598719F8213B00F39C86 /* MKAnnotationView+WebCache.h */ = {isa = PBXFileReference; fileEncoding = 4; lastKnownFileType = sourcecode.c.h; path = "MKAnnotationView+WebCache.h"; sourceTree = "<group>"; };
		9295598819F8213B00F39C86 /* MKAnnotationView+WebCache.m */ = {isa = PBXFileReference; fileEncoding = 4; lastKnownFileType = sourcecode.c.objc; path = "MKAnnotationView+WebCache.m"; sourceTree = "<group>"; };
		9295598919F8213B00F39C86 /* NSData+ImageContentType.h */ = {isa = PBXFileReference; fileEncoding = 4; lastKnownFileType = sourcecode.c.h; path = "NSData+ImageContentType.h"; sourceTree = "<group>"; };
		9295598A19F8213B00F39C86 /* NSData+ImageContentType.m */ = {isa = PBXFileReference; fileEncoding = 4; lastKnownFileType = sourcecode.c.objc; path = "NSData+ImageContentType.m"; sourceTree = "<group>"; };
		9295598B19F8213B00F39C86 /* SDImageCache.h */ = {isa = PBXFileReference; fileEncoding = 4; lastKnownFileType = sourcecode.c.h; path = SDImageCache.h; sourceTree = "<group>"; };
		9295598C19F8213B00F39C86 /* SDImageCache.m */ = {isa = PBXFileReference; fileEncoding = 4; lastKnownFileType = sourcecode.c.objc; path = SDImageCache.m; sourceTree = "<group>"; };
		9295598D19F8213B00F39C86 /* SDWebImageCompat.h */ = {isa = PBXFileReference; fileEncoding = 4; lastKnownFileType = sourcecode.c.h; path = SDWebImageCompat.h; sourceTree = "<group>"; };
		9295598E19F8213B00F39C86 /* SDWebImageCompat.m */ = {isa = PBXFileReference; fileEncoding = 4; lastKnownFileType = sourcecode.c.objc; path = SDWebImageCompat.m; sourceTree = "<group>"; };
		9295598F19F8213B00F39C86 /* SDWebImageDecoder.h */ = {isa = PBXFileReference; fileEncoding = 4; lastKnownFileType = sourcecode.c.h; path = SDWebImageDecoder.h; sourceTree = "<group>"; };
		9295599019F8213B00F39C86 /* SDWebImageDecoder.m */ = {isa = PBXFileReference; fileEncoding = 4; lastKnownFileType = sourcecode.c.objc; path = SDWebImageDecoder.m; sourceTree = "<group>"; };
		9295599119F8213B00F39C86 /* SDWebImageDownloader.h */ = {isa = PBXFileReference; fileEncoding = 4; lastKnownFileType = sourcecode.c.h; path = SDWebImageDownloader.h; sourceTree = "<group>"; };
		9295599219F8213B00F39C86 /* SDWebImageDownloader.m */ = {isa = PBXFileReference; fileEncoding = 4; lastKnownFileType = sourcecode.c.objc; path = SDWebImageDownloader.m; sourceTree = "<group>"; };
		9295599319F8213B00F39C86 /* SDWebImageDownloaderOperation.h */ = {isa = PBXFileReference; fileEncoding = 4; lastKnownFileType = sourcecode.c.h; path = SDWebImageDownloaderOperation.h; sourceTree = "<group>"; };
		9295599419F8213B00F39C86 /* SDWebImageDownloaderOperation.m */ = {isa = PBXFileReference; fileEncoding = 4; lastKnownFileType = sourcecode.c.objc; path = SDWebImageDownloaderOperation.m; sourceTree = "<group>"; };
		9295599519F8213B00F39C86 /* SDWebImageManager.h */ = {isa = PBXFileReference; fileEncoding = 4; lastKnownFileType = sourcecode.c.h; path = SDWebImageManager.h; sourceTree = "<group>"; };
		9295599619F8213B00F39C86 /* SDWebImageManager.m */ = {isa = PBXFileReference; fileEncoding = 4; lastKnownFileType = sourcecode.c.objc; path = SDWebImageManager.m; sourceTree = "<group>"; };
		9295599719F8213B00F39C86 /* SDWebImageOperation.h */ = {isa = PBXFileReference; fileEncoding = 4; lastKnownFileType = sourcecode.c.h; path = SDWebImageOperation.h; sourceTree = "<group>"; };
		9295599819F8213B00F39C86 /* SDWebImagePrefetcher.h */ = {isa = PBXFileReference; fileEncoding = 4; lastKnownFileType = sourcecode.c.h; path = SDWebImagePrefetcher.h; sourceTree = "<group>"; };
		9295599919F8213B00F39C86 /* SDWebImagePrefetcher.m */ = {isa = PBXFileReference; fileEncoding = 4; lastKnownFileType = sourcecode.c.objc; path = SDWebImagePrefetcher.m; sourceTree = "<group>"; };
		9295599A19F8213B00F39C86 /* UIButton+WebCache.h */ = {isa = PBXFileReference; fileEncoding = 4; lastKnownFileType = sourcecode.c.h; path = "UIButton+WebCache.h"; sourceTree = "<group>"; };
		9295599B19F8213B00F39C86 /* UIButton+WebCache.m */ = {isa = PBXFileReference; fileEncoding = 4; lastKnownFileType = sourcecode.c.objc; path = "UIButton+WebCache.m"; sourceTree = "<group>"; };
		9295599C19F8213B00F39C86 /* UIImage+GIF.h */ = {isa = PBXFileReference; fileEncoding = 4; lastKnownFileType = sourcecode.c.h; path = "UIImage+GIF.h"; sourceTree = "<group>"; };
		9295599D19F8213B00F39C86 /* UIImage+GIF.m */ = {isa = PBXFileReference; fileEncoding = 4; lastKnownFileType = sourcecode.c.objc; path = "UIImage+GIF.m"; sourceTree = "<group>"; };
		9295599E19F8213B00F39C86 /* UIImage+MultiFormat.h */ = {isa = PBXFileReference; fileEncoding = 4; lastKnownFileType = sourcecode.c.h; path = "UIImage+MultiFormat.h"; sourceTree = "<group>"; };
		9295599F19F8213B00F39C86 /* UIImage+MultiFormat.m */ = {isa = PBXFileReference; fileEncoding = 4; lastKnownFileType = sourcecode.c.objc; path = "UIImage+MultiFormat.m"; sourceTree = "<group>"; };
		929559A019F8213B00F39C86 /* UIImage+WebP.h */ = {isa = PBXFileReference; fileEncoding = 4; lastKnownFileType = sourcecode.c.h; path = "UIImage+WebP.h"; sourceTree = "<group>"; };
		929559A119F8213B00F39C86 /* UIImage+WebP.m */ = {isa = PBXFileReference; fileEncoding = 4; lastKnownFileType = sourcecode.c.objc; path = "UIImage+WebP.m"; sourceTree = "<group>"; };
		929559A219F8213B00F39C86 /* UIImageView+HighlightedWebCache.h */ = {isa = PBXFileReference; fileEncoding = 4; lastKnownFileType = sourcecode.c.h; path = "UIImageView+HighlightedWebCache.h"; sourceTree = "<group>"; };
		929559A319F8213B00F39C86 /* UIImageView+HighlightedWebCache.m */ = {isa = PBXFileReference; fileEncoding = 4; lastKnownFileType = sourcecode.c.objc; path = "UIImageView+HighlightedWebCache.m"; sourceTree = "<group>"; };
		929559A419F8213B00F39C86 /* UIImageView+WebCache.h */ = {isa = PBXFileReference; fileEncoding = 4; lastKnownFileType = sourcecode.c.h; path = "UIImageView+WebCache.h"; sourceTree = "<group>"; };
		929559A519F8213B00F39C86 /* UIImageView+WebCache.m */ = {isa = PBXFileReference; fileEncoding = 4; lastKnownFileType = sourcecode.c.objc; path = "UIImageView+WebCache.m"; sourceTree = "<group>"; };
		929559A619F8213B00F39C86 /* UIView+WebCacheOperation.h */ = {isa = PBXFileReference; fileEncoding = 4; lastKnownFileType = sourcecode.c.h; path = "UIView+WebCacheOperation.h"; sourceTree = "<group>"; };
		929559A719F8213B00F39C86 /* UIView+WebCacheOperation.m */ = {isa = PBXFileReference; fileEncoding = 4; lastKnownFileType = sourcecode.c.objc; path = "UIView+WebCacheOperation.m"; sourceTree = "<group>"; };
		92A07D0C19E0860D00099719 /* Launch.storyboard */ = {isa = PBXFileReference; fileEncoding = 4; lastKnownFileType = file.storyboard; path = Launch.storyboard; sourceTree = "<group>"; };
		92A27752195C8CEE0016CCDB /* introduction_event_comments.png */ = {isa = PBXFileReference; lastKnownFileType = image.png; path = introduction_event_comments.png; sourceTree = "<group>"; };
		92A27754195C8CEE0016CCDB /* introduction_event_info.png */ = {isa = PBXFileReference; lastKnownFileType = image.png; path = introduction_event_info.png; sourceTree = "<group>"; };
		92A2775A195C9AAF0016CCDB /* introduction_event_guests.png */ = {isa = PBXFileReference; lastKnownFileType = image.png; path = introduction_event_guests.png; sourceTree = "<group>"; };
		92A5C31A19489FFB00D40CAC /* Post.h */ = {isa = PBXFileReference; fileEncoding = 4; lastKnownFileType = sourcecode.c.h; path = Post.h; sourceTree = "<group>"; };
		92A5C31B19489FFB00D40CAC /* Post.m */ = {isa = PBXFileReference; fileEncoding = 4; lastKnownFileType = sourcecode.c.objc; path = Post.m; sourceTree = "<group>"; };
		92A5C31E1948AD9B00D40CAC /* INUPostsTableViewController.h */ = {isa = PBXFileReference; fileEncoding = 4; lastKnownFileType = sourcecode.c.h; path = INUPostsTableViewController.h; sourceTree = "<group>"; };
		92A5C31F1948AD9B00D40CAC /* INUPostsTableViewController.m */ = {isa = PBXFileReference; fileEncoding = 4; lastKnownFileType = sourcecode.c.objc; path = INUPostsTableViewController.m; sourceTree = "<group>"; };
		92A5C3211948B2EB00D40CAC /* INUPostTableViewCell.h */ = {isa = PBXFileReference; fileEncoding = 4; lastKnownFileType = sourcecode.c.h; path = INUPostTableViewCell.h; sourceTree = "<group>"; };
		92A5C3221948B2EB00D40CAC /* INUPostTableViewCell.m */ = {isa = PBXFileReference; fileEncoding = 4; lastKnownFileType = sourcecode.c.objc; path = INUPostTableViewCell.m; sourceTree = "<group>"; };
		92A98E171988EBDB00BFA6FC /* INUConstants.h */ = {isa = PBXFileReference; fileEncoding = 4; lastKnownFileType = sourcecode.c.h; path = INUConstants.h; sourceTree = "<group>"; };
		92A98E181988EBDB00BFA6FC /* INUConstants.m */ = {isa = PBXFileReference; fileEncoding = 4; lastKnownFileType = sourcecode.c.objc; path = INUConstants.m; sourceTree = "<group>"; };
		92A98E1A198902F200BFA6FC /* ServiceError.h */ = {isa = PBXFileReference; fileEncoding = 4; lastKnownFileType = sourcecode.c.h; path = ServiceError.h; sourceTree = "<group>"; };
		92A98E1B198902F200BFA6FC /* ServiceError.m */ = {isa = PBXFileReference; fileEncoding = 4; lastKnownFileType = sourcecode.c.objc; path = ServiceError.m; sourceTree = "<group>"; };
		92A98E201989495900BFA6FC /* INUInviteViewController.h */ = {isa = PBXFileReference; fileEncoding = 4; lastKnownFileType = sourcecode.c.h; path = INUInviteViewController.h; sourceTree = "<group>"; };
		92A98E211989495900BFA6FC /* INUInviteViewController.m */ = {isa = PBXFileReference; fileEncoding = 4; lastKnownFileType = sourcecode.c.objc; path = INUInviteViewController.m; sourceTree = "<group>"; };
		92B5E234195C41AB00D46F8C /* ExampleEvent.h */ = {isa = PBXFileReference; fileEncoding = 4; lastKnownFileType = sourcecode.c.h; path = ExampleEvent.h; sourceTree = "<group>"; };
		92B5E235195C41AB00D46F8C /* ExampleEvent.m */ = {isa = PBXFileReference; fileEncoding = 4; lastKnownFileType = sourcecode.c.objc; path = ExampleEvent.m; sourceTree = "<group>"; };
		92BCB0321947478300A1E882 /* UI.xcassets */ = {isa = PBXFileReference; lastKnownFileType = folder.assetcatalog; path = UI.xcassets; sourceTree = "<group>"; };
		92C00D78198A57BD00EAB7A3 /* AddressBook.framework */ = {isa = PBXFileReference; lastKnownFileType = wrapper.framework; name = AddressBook.framework; path = System/Library/Frameworks/AddressBook.framework; sourceTree = SDKROOT; };
		92C00D7B198A8A6400EAB7A3 /* Contact.h */ = {isa = PBXFileReference; fileEncoding = 4; lastKnownFileType = sourcecode.c.h; path = Contact.h; sourceTree = "<group>"; };
		92C00D7C198A8A6400EAB7A3 /* Contact.m */ = {isa = PBXFileReference; fileEncoding = 4; lastKnownFileType = sourcecode.c.objc; path = Contact.m; sourceTree = "<group>"; };
		92CB1F2419478A5800309850 /* INUGuestsTableViewController.h */ = {isa = PBXFileReference; fileEncoding = 4; lastKnownFileType = sourcecode.c.h; path = INUGuestsTableViewController.h; sourceTree = "<group>"; };
		92CB1F2519478A5800309850 /* INUGuestsTableViewController.m */ = {isa = PBXFileReference; fileEncoding = 4; lastKnownFileType = sourcecode.c.objc; path = INUGuestsTableViewController.m; sourceTree = "<group>"; };
		92CB1F27194791A100309850 /* INUListSection.h */ = {isa = PBXFileReference; fileEncoding = 4; lastKnownFileType = sourcecode.c.h; path = INUListSection.h; sourceTree = "<group>"; };
		92CB1F28194791A100309850 /* INUListSection.m */ = {isa = PBXFileReference; fileEncoding = 4; lastKnownFileType = sourcecode.c.objc; path = INUListSection.m; sourceTree = "<group>"; };
		92D3ED6E1A7FD9120059BAC4 /* Main-iPad.storyboard */ = {isa = PBXFileReference; fileEncoding = 4; lastKnownFileType = file.storyboard; path = "Main-iPad.storyboard"; sourceTree = "<group>"; };
		92D3ED6F1A7FD9120059BAC4 /* Main.storyboard */ = {isa = PBXFileReference; fileEncoding = 4; lastKnownFileType = file.storyboard; path = Main.storyboard; sourceTree = "<group>"; };
		92D3ED731A7FDA520059BAC4 /* en */ = {isa = PBXFileReference; lastKnownFileType = text.plist.strings; name = en; path = en.lproj/Localizable.strings; sourceTree = "<group>"; };
		92E0E2BA1940D1B100D9ACDD /* INUUtils.h */ = {isa = PBXFileReference; fileEncoding = 4; lastKnownFileType = sourcecode.c.h; path = INUUtils.h; sourceTree = "<group>"; };
		92E0E2BB1940D1B100D9ACDD /* INUUtils.m */ = {isa = PBXFileReference; fileEncoding = 4; lastKnownFileType = sourcecode.c.objc; path = INUUtils.m; sourceTree = "<group>"; };
		92E6D55A19641A120096D562 /* INULabel.h */ = {isa = PBXFileReference; fileEncoding = 4; lastKnownFileType = sourcecode.c.h; path = INULabel.h; sourceTree = "<group>"; };
		92E6D55B19641A120096D562 /* INULabel.m */ = {isa = PBXFileReference; fileEncoding = 4; lastKnownFileType = sourcecode.c.objc; path = INULabel.m; sourceTree = "<group>"; };
		92F68FD01950D0CE00DCACB7 /* INUEventTabBarController.h */ = {isa = PBXFileReference; fileEncoding = 4; lastKnownFileType = sourcecode.c.h; path = INUEventTabBarController.h; sourceTree = "<group>"; };
		92F68FD11950D0CE00DCACB7 /* INUEventTabBarController.m */ = {isa = PBXFileReference; fileEncoding = 4; lastKnownFileType = sourcecode.c.objc; path = INUEventTabBarController.m; sourceTree = "<group>"; };
/* End PBXFileReference section */

/* Begin PBXFrameworksBuildPhase section */
		92837567193A494D0000CCD6 /* Frameworks */ = {
			isa = PBXFrameworksBuildPhase;
			buildActionMask = 2147483647;
			files = (
				92C00D79198A57BD00EAB7A3 /* AddressBook.framework in Frameworks */,
				92837570193A494D0000CCD6 /* CoreGraphics.framework in Frameworks */,
				92837572193A494D0000CCD6 /* UIKit.framework in Frameworks */,
				9283756E193A494D0000CCD6 /* Foundation.framework in Frameworks */,
			);
			runOnlyForDeploymentPostprocessing = 0;
		};
		92837582193A494D0000CCD6 /* Frameworks */ = {
			isa = PBXFrameworksBuildPhase;
			buildActionMask = 2147483647;
			files = (
				92837587193A494D0000CCD6 /* XCTest.framework in Frameworks */,
				92837589193A494D0000CCD6 /* UIKit.framework in Frameworks */,
				92837588193A494D0000CCD6 /* Foundation.framework in Frameworks */,
			);
			runOnlyForDeploymentPostprocessing = 0;
		};
/* End PBXFrameworksBuildPhase section */

/* Begin PBXGroup section */
		9222DF4E19D9B5A3009C5A11 /* AFNetworking */ = {
			isa = PBXGroup;
			children = (
				9222DF4F19D9B5A3009C5A11 /* AFHTTPRequestOperation.h */,
				9222DF5019D9B5A3009C5A11 /* AFHTTPRequestOperation.m */,
				9222DF5119D9B5A3009C5A11 /* AFHTTPRequestOperationManager.h */,
				9222DF5219D9B5A3009C5A11 /* AFHTTPRequestOperationManager.m */,
				9222DF5319D9B5A3009C5A11 /* AFHTTPSessionManager.h */,
				9222DF5419D9B5A3009C5A11 /* AFHTTPSessionManager.m */,
				9222DF5519D9B5A3009C5A11 /* AFNetworking.h */,
				9222DF5619D9B5A3009C5A11 /* AFNetworkReachabilityManager.h */,
				9222DF5719D9B5A3009C5A11 /* AFNetworkReachabilityManager.m */,
				9222DF5819D9B5A3009C5A11 /* AFSecurityPolicy.h */,
				9222DF5919D9B5A3009C5A11 /* AFSecurityPolicy.m */,
				9222DF5A19D9B5A3009C5A11 /* AFURLConnectionOperation.h */,
				9222DF5B19D9B5A3009C5A11 /* AFURLConnectionOperation.m */,
				9222DF5C19D9B5A3009C5A11 /* AFURLRequestSerialization.h */,
				9222DF5D19D9B5A3009C5A11 /* AFURLRequestSerialization.m */,
				9222DF5E19D9B5A3009C5A11 /* AFURLResponseSerialization.h */,
				9222DF5F19D9B5A3009C5A11 /* AFURLResponseSerialization.m */,
				9222DF6019D9B5A3009C5A11 /* AFURLSessionManager.h */,
				9222DF6119D9B5A3009C5A11 /* AFURLSessionManager.m */,
			);
			path = AFNetworking;
			sourceTree = "<group>";
		};
		922454841951CB2A0058FF50 /* Views */ = {
			isa = PBXGroup;
			children = (
				922454851951CB4D0058FF50 /* INUSpinnerView.h */,
				922454861951CB4D0058FF50 /* INUSpinnerView.m */,
				92E6D55A19641A120096D562 /* INULabel.h */,
				92E6D55B19641A120096D562 /* INULabel.m */,
				92A5C3211948B2EB00D40CAC /* INUPostTableViewCell.h */,
				92A5C3221948B2EB00D40CAC /* INUPostTableViewCell.m */,
				9285E375197EA7AF00F3919B /* INUDateTableViewCell.h */,
				9285E376197EA7AF00F3919B /* INUDateTableViewCell.m */,
				924F0FD81981523A0076FDDF /* INUInputTableViewCell.h */,
				924F0FD91981523A0076FDDF /* INUInputTableViewCell.m */,
				924F0FDB19815B010076FDDF /* INUTextTableViewCell.h */,
				924F0FDC19815B010076FDDF /* INUTextTableViewCell.m */,
			);
			name = Views;
			sourceTree = "<group>";
		};
		924883131955CD610034BFDD /* Files */ = {
			isa = PBXGroup;
			children = (
				924883141955CD890034BFDD /* Version-History.txt */,
			);
			name = Files;
			sourceTree = "<group>";
		};
		924D12EB19F7914B005625DE /* Utils */ = {
			isa = PBXGroup;
			children = (
				924D12EC19F79198005625DE /* UIImage+Utils.h */,
				924D12ED19F79198005625DE /* UIImage+Utils.m */,
			);
			name = Utils;
			sourceTree = "<group>";
		};
		92837561193A494D0000CCD6 = {
			isa = PBXGroup;
			children = (
				92837573193A494D0000CCD6 /* Inutivent-iOS */,
				9283758C193A494D0000CCD6 /* Inutivent-iOSTests */,
				9283756C193A494D0000CCD6 /* Frameworks */,
				9283756B193A494D0000CCD6 /* Products */,
			);
			sourceTree = "<group>";
		};
		9283756B193A494D0000CCD6 /* Products */ = {
			isa = PBXGroup;
			children = (
				9283756A193A494D0000CCD6 /* Gromf.app */,
				92837585193A494D0000CCD6 /* Inutivent-Tests.xctest */,
			);
			name = Products;
			sourceTree = "<group>";
		};
		9283756C193A494D0000CCD6 /* Frameworks */ = {
			isa = PBXGroup;
			children = (
				92C00D78198A57BD00EAB7A3 /* AddressBook.framework */,
				9283756D193A494D0000CCD6 /* Foundation.framework */,
				9283756F193A494D0000CCD6 /* CoreGraphics.framework */,
				92837571193A494D0000CCD6 /* UIKit.framework */,
				92837586193A494D0000CCD6 /* XCTest.framework */,
			);
			name = Frameworks;
			sourceTree = "<group>";
		};
		92837573193A494D0000CCD6 /* Inutivent-iOS */ = {
			isa = PBXGroup;
			children = (
				9295598619F8213B00F39C86 /* SDWebImage */,
				9222DF4E19D9B5A3009C5A11 /* AFNetworking */,
				924D12EB19F7914B005625DE /* Utils */,
				924883131955CD610034BFDD /* Files */,
				92BCB02B1947205F00A1E882 /* Images */,
				928375A9193A6F090000CCD6 /* Models */,
				922454841951CB2A0058FF50 /* Views */,
				92A5C31D1948AD5100D40CAC /* View Controllers */,
				927F59DA193E2A0100EEEC62 /* INUDataManager.h */,
				927F59DB193E2A0100EEEC62 /* INUDataManager.m */,
				9283757C193A494D0000CCD6 /* INUAppDelegate.h */,
				9283757D193A494D0000CCD6 /* INUAppDelegate.m */,
				92E0E2BA1940D1B100D9ACDD /* INUUtils.h */,
				92E0E2BB1940D1B100D9ACDD /* INUUtils.m */,
				92CB1F27194791A100309850 /* INUListSection.h */,
				92CB1F28194791A100309850 /* INUListSection.m */,
				92A98E171988EBDB00BFA6FC /* INUConstants.h */,
				92A98E181988EBDB00BFA6FC /* INUConstants.m */,
				92114B5B1961AF6D00039EFC /* INUConfig.h */,
				92114B5C1961AF6D00039EFC /* INUConfig.m */,
				92837574193A494D0000CCD6 /* Supporting Files */,
			);
			path = "Inutivent-iOS";
			sourceTree = "<group>";
		};
		92837574193A494D0000CCD6 /* Supporting Files */ = {
			isa = PBXGroup;
			children = (
				92D3ED721A7FDA520059BAC4 /* Localizable.strings */,
				92837575193A494D0000CCD6 /* Gromf-Info.plist */,
				92837579193A494D0000CCD6 /* main.m */,
				9283757B193A494D0000CCD6 /* Gromf-Prefix.pch */,
			);
			name = "Supporting Files";
			sourceTree = "<group>";
		};
		9283758C193A494D0000CCD6 /* Inutivent-iOSTests */ = {
			isa = PBXGroup;
			children = (
				92837592193A494D0000CCD6 /* Inutivent_iOSTests.m */,
				9283758D193A494D0000CCD6 /* Supporting Files */,
			);
			path = "Inutivent-iOSTests";
			sourceTree = "<group>";
		};
		9283758D193A494D0000CCD6 /* Supporting Files */ = {
			isa = PBXGroup;
			children = (
				9283758E193A494D0000CCD6 /* GromfTests-Info.plist */,
				9283758F193A494D0000CCD6 /* InfoPlist.strings */,
			);
			name = "Supporting Files";
			sourceTree = "<group>";
		};
		928375A9193A6F090000CCD6 /* Models */ = {
			isa = PBXGroup;
			children = (
				92C00D7B198A8A6400EAB7A3 /* Contact.h */,
				92C00D7C198A8A6400EAB7A3 /* Contact.m */,
				928375A6193A6F030000CCD6 /* Event.h */,
				928375A7193A6F030000CCD6 /* Event.m */,
				927F59DD193E2E5300EEEC62 /* User.h */,
				927F59DE193E2E5300EEEC62 /* User.m */,
				927F59E2193E56B600EEEC62 /* Bookmark.h */,
				927F59E3193E56B600EEEC62 /* Bookmark.m */,
				92A5C31A19489FFB00D40CAC /* Post.h */,
				92A5C31B19489FFB00D40CAC /* Post.m */,
				92B5E234195C41AB00D46F8C /* ExampleEvent.h */,
				92B5E235195C41AB00D46F8C /* ExampleEvent.m */,
				92A98E1A198902F200BFA6FC /* ServiceError.h */,
				92A98E1B198902F200BFA6FC /* ServiceError.m */,
			);
			name = Models;
			sourceTree = "<group>";
		};
		9295598619F8213B00F39C86 /* SDWebImage */ = {
			isa = PBXGroup;
			children = (
				9295598719F8213B00F39C86 /* MKAnnotationView+WebCache.h */,
				9295598819F8213B00F39C86 /* MKAnnotationView+WebCache.m */,
				9295598919F8213B00F39C86 /* NSData+ImageContentType.h */,
				9295598A19F8213B00F39C86 /* NSData+ImageContentType.m */,
				9295598B19F8213B00F39C86 /* SDImageCache.h */,
				9295598C19F8213B00F39C86 /* SDImageCache.m */,
				9295598D19F8213B00F39C86 /* SDWebImageCompat.h */,
				9295598E19F8213B00F39C86 /* SDWebImageCompat.m */,
				9295598F19F8213B00F39C86 /* SDWebImageDecoder.h */,
				9295599019F8213B00F39C86 /* SDWebImageDecoder.m */,
				9295599119F8213B00F39C86 /* SDWebImageDownloader.h */,
				9295599219F8213B00F39C86 /* SDWebImageDownloader.m */,
				9295599319F8213B00F39C86 /* SDWebImageDownloaderOperation.h */,
				9295599419F8213B00F39C86 /* SDWebImageDownloaderOperation.m */,
				9295599519F8213B00F39C86 /* SDWebImageManager.h */,
				9295599619F8213B00F39C86 /* SDWebImageManager.m */,
				9295599719F8213B00F39C86 /* SDWebImageOperation.h */,
				9295599819F8213B00F39C86 /* SDWebImagePrefetcher.h */,
				9295599919F8213B00F39C86 /* SDWebImagePrefetcher.m */,
				9295599A19F8213B00F39C86 /* UIButton+WebCache.h */,
				9295599B19F8213B00F39C86 /* UIButton+WebCache.m */,
				9295599C19F8213B00F39C86 /* UIImage+GIF.h */,
				9295599D19F8213B00F39C86 /* UIImage+GIF.m */,
				9295599E19F8213B00F39C86 /* UIImage+MultiFormat.h */,
				9295599F19F8213B00F39C86 /* UIImage+MultiFormat.m */,
				929559A019F8213B00F39C86 /* UIImage+WebP.h */,
				929559A119F8213B00F39C86 /* UIImage+WebP.m */,
				929559A219F8213B00F39C86 /* UIImageView+HighlightedWebCache.h */,
				929559A319F8213B00F39C86 /* UIImageView+HighlightedWebCache.m */,
				929559A419F8213B00F39C86 /* UIImageView+WebCache.h */,
				929559A519F8213B00F39C86 /* UIImageView+WebCache.m */,
				929559A619F8213B00F39C86 /* UIView+WebCacheOperation.h */,
				929559A719F8213B00F39C86 /* UIView+WebCacheOperation.m */,
			);
			path = SDWebImage;
			sourceTree = "<group>";
		};
		92A5C31D1948AD5100D40CAC /* View Controllers */ = {
			isa = PBXGroup;
			children = (
				92D3ED6E1A7FD9120059BAC4 /* Main-iPad.storyboard */,
				92D3ED6F1A7FD9120059BAC4 /* Main.storyboard */,
				928375A3193A6C670000CCD6 /* INUEventsTableViewController.h */,
				928375A4193A6C670000CCD6 /* INUEventsTableViewController.m */,
				92F68FD01950D0CE00DCACB7 /* INUEventTabBarController.h */,
				92F68FD11950D0CE00DCACB7 /* INUEventTabBarController.m */,
				9206DA43193F2A7900DA0F24 /* INUEventInfoTableViewController.h */,
				9206DA44193F2A7900DA0F24 /* INUEventInfoTableViewController.m */,
				92CB1F2419478A5800309850 /* INUGuestsTableViewController.h */,
				92CB1F2519478A5800309850 /* INUGuestsTableViewController.m */,
				92A5C31E1948AD9B00D40CAC /* INUPostsTableViewController.h */,
				92A5C31F1948AD9B00D40CAC /* INUPostsTableViewController.m */,
				9248830D1955BDB20034BFDD /* INUAboutTableViewController.h */,
				9248830E1955BDB20034BFDD /* INUAboutTableViewController.m */,
				924883101955CCB80034BFDD /* INUVersionHistoryViewController.h */,
				924883111955CCB80034BFDD /* INUVersionHistoryViewController.m */,
				928D1DAC195B0BCA0087EAA5 /* INUWelcomeViewController.h */,
				928D1DAD195B0BCA0087EAA5 /* INUWelcomeViewController.m */,
				928D1DAF195B11650087EAA5 /* INUWelcomeContentViewController.h */,
				928D1DB0195B11650087EAA5 /* INUWelcomeContentViewController.m */,
				92733C471961E7210076C10B /* INUSplitDetailViewController.h */,
				92733C481961E7210076C10B /* INUSplitDetailViewController.m */,
				92676C73197179E2005ADA19 /* INUSplitViewController.h */,
				92676C74197179E2005ADA19 /* INUSplitViewController.m */,
				9285E372197EA36900F3919B /* INUEditTableViewController.h */,
				9285E373197EA36900F3919B /* INUEditTableViewController.m */,
				92A98E201989495900BFA6FC /* INUInviteViewController.h */,
				92A98E211989495900BFA6FC /* INUInviteViewController.m */,
			);
			name = "View Controllers";
			sourceTree = "<group>";
		};
		92BCB02B1947205F00A1E882 /* Images */ = {
			isa = PBXGroup;
			children = (
				9283757F193A494D0000CCD6 /* Images.xcassets */,
				92BCB0321947478300A1E882 /* UI.xcassets */,
				9265B4A3196F2BD500FA8ED4 /* default_header.jpg */,
				92144D2D1971385900010BEB /* index_header.jpg */,
				92A27752195C8CEE0016CCDB /* introduction_event_comments.png */,
				92A27754195C8CEE0016CCDB /* introduction_event_info.png */,
				92A2775A195C9AAF0016CCDB /* introduction_event_guests.png */,
				92114B551961949A00039EFC /* introduction_welcome.png */,
				92114B5919619FFB00039EFC /* introduction_email.png */,
				921976C319729CFC0043A2CD /* welcome_bg.jpg */,
				92A07D0C19E0860D00099719 /* Launch.storyboard */,
			);
			name = Images;
			sourceTree = "<group>";
		};
/* End PBXGroup section */

/* Begin PBXNativeTarget section */
		92837569193A494D0000CCD6 /* Gromf */ = {
			isa = PBXNativeTarget;
			buildConfigurationList = 92837596193A494D0000CCD6 /* Build configuration list for PBXNativeTarget "Gromf" */;
			buildPhases = (
				92837566193A494D0000CCD6 /* Sources */,
				92837567193A494D0000CCD6 /* Frameworks */,
				92837568193A494D0000CCD6 /* Resources */,
			);
			buildRules = (
			);
			dependencies = (
			);
			name = Gromf;
			productName = "Inutivent-iOS";
			productReference = 9283756A193A494D0000CCD6 /* Gromf.app */;
			productType = "com.apple.product-type.application";
		};
		92837584193A494D0000CCD6 /* Inutivent-Tests */ = {
			isa = PBXNativeTarget;
			buildConfigurationList = 92837599193A494D0000CCD6 /* Build configuration list for PBXNativeTarget "Inutivent-Tests" */;
			buildPhases = (
				92837581193A494D0000CCD6 /* Sources */,
				92837582193A494D0000CCD6 /* Frameworks */,
				92837583193A494D0000CCD6 /* Resources */,
			);
			buildRules = (
			);
			dependencies = (
				9283758B193A494D0000CCD6 /* PBXTargetDependency */,
			);
			name = "Inutivent-Tests";
			productName = "Inutivent-iOSTests";
			productReference = 92837585193A494D0000CCD6 /* Inutivent-Tests.xctest */;
			productType = "com.apple.product-type.bundle.unit-test";
		};
/* End PBXNativeTarget section */

/* Begin PBXProject section */
		92837562193A494D0000CCD6 /* Project object */ = {
			isa = PBXProject;
			attributes = {
				CLASSPREFIX = INU;
				LastUpgradeCheck = 0510;
				ORGANIZATIONNAME = "Inutilis Software";
				TargetAttributes = {
					92837569193A494D0000CCD6 = {
						DevelopmentTeam = BZ4VC623NH;
						SystemCapabilities = {
							com.apple.BackgroundModes = {
								enabled = 0;
							};
						};
					};
					92837584193A494D0000CCD6 = {
						TestTargetID = 92837569193A494D0000CCD6;
					};
				};
			};
			buildConfigurationList = 92837565193A494D0000CCD6 /* Build configuration list for PBXProject "Gromf" */;
			compatibilityVersion = "Xcode 3.2";
			developmentRegion = English;
			hasScannedForEncodings = 0;
			knownRegions = (
				en,
			);
			mainGroup = 92837561193A494D0000CCD6;
			productRefGroup = 9283756B193A494D0000CCD6 /* Products */;
			projectDirPath = "";
			projectRoot = "";
			targets = (
				92837569193A494D0000CCD6 /* Gromf */,
				92837584193A494D0000CCD6 /* Inutivent-Tests */,
			);
		};
/* End PBXProject section */

/* Begin PBXResourcesBuildPhase section */
		92837568193A494D0000CCD6 /* Resources */ = {
			isa = PBXResourcesBuildPhase;
			buildActionMask = 2147483647;
			files = (
				921976C419729CFC0043A2CD /* welcome_bg.jpg in Resources */,
				92114B561961949A00039EFC /* introduction_welcome.png in Resources */,
				92A27756195C8CEE0016CCDB /* introduction_event_comments.png in Resources */,
				92A27758195C8CEE0016CCDB /* introduction_event_info.png in Resources */,
				92144D2E1971385900010BEB /* index_header.jpg in Resources */,
				92D3ED711A7FD9120059BAC4 /* Main.storyboard in Resources */,
				9265B4A4196F2BD500FA8ED4 /* default_header.jpg in Resources */,
				924883151955CD890034BFDD /* Version-History.txt in Resources */,
				92BCB0331947478300A1E882 /* UI.xcassets in Resources */,
				92D3ED701A7FD9120059BAC4 /* Main-iPad.storyboard in Resources */,
				92D3ED741A7FDA520059BAC4 /* Localizable.strings in Resources */,
				92A2775C195C9AAF0016CCDB /* introduction_event_guests.png in Resources */,
				92A07D0D19E0860D00099719 /* Launch.storyboard in Resources */,
				92114B5A19619FFB00039EFC /* introduction_email.png in Resources */,
				92837580193A494D0000CCD6 /* Images.xcassets in Resources */,
			);
			runOnlyForDeploymentPostprocessing = 0;
		};
		92837583193A494D0000CCD6 /* Resources */ = {
			isa = PBXResourcesBuildPhase;
			buildActionMask = 2147483647;
			files = (
				92837591193A494D0000CCD6 /* InfoPlist.strings in Resources */,
			);
			runOnlyForDeploymentPostprocessing = 0;
		};
/* End PBXResourcesBuildPhase section */

/* Begin PBXSourcesBuildPhase section */
		92837566193A494D0000CCD6 /* Sources */ = {
			isa = PBXSourcesBuildPhase;
			buildActionMask = 2147483647;
			files = (
				929559B219F8213B00F39C86 /* UIImage+GIF.m in Sources */,
				9222DF6219D9B5A3009C5A11 /* AFHTTPRequestOperation.m in Sources */,
				929559A819F8213B00F39C86 /* MKAnnotationView+WebCache.m in Sources */,
				9222DF6519D9B5A3009C5A11 /* AFNetworkReachabilityManager.m in Sources */,
				929559AF19F8213B00F39C86 /* SDWebImageManager.m in Sources */,
				9222DF6419D9B5A3009C5A11 /* AFHTTPSessionManager.m in Sources */,
				92B5E236195C41AB00D46F8C /* ExampleEvent.m in Sources */,
				92E6D55C19641A120096D562 /* INULabel.m in Sources */,
				92733C491961E7210076C10B /* INUSplitDetailViewController.m in Sources */,
				928375A5193A6C670000CCD6 /* INUEventsTableViewController.m in Sources */,
				922454871951CB4D0058FF50 /* INUSpinnerView.m in Sources */,
				929559B419F8213B00F39C86 /* UIImage+WebP.m in Sources */,
				927F59DF193E2E5300EEEC62 /* User.m in Sources */,
				9222DF6919D9B5A3009C5A11 /* AFURLResponseSerialization.m in Sources */,
				924F0FDA1981523A0076FDDF /* INUInputTableViewCell.m in Sources */,
				928D1DAE195B0BCA0087EAA5 /* INUWelcomeViewController.m in Sources */,
				92CB1F29194791A100309850 /* INUListSection.m in Sources */,
				92676C75197179E2005ADA19 /* INUSplitViewController.m in Sources */,
				92A5C3201948AD9B00D40CAC /* INUPostsTableViewController.m in Sources */,
				928D1DB1195B11650087EAA5 /* INUWelcomeContentViewController.m in Sources */,
				924883121955CCB80034BFDD /* INUVersionHistoryViewController.m in Sources */,
				9248830F1955BDB20034BFDD /* INUAboutTableViewController.m in Sources */,
				9283757A193A494D0000CCD6 /* main.m in Sources */,
				9222DF6719D9B5A3009C5A11 /* AFURLConnectionOperation.m in Sources */,
				92A98E1C198902F200BFA6FC /* ServiceError.m in Sources */,
				9285E374197EA36900F3919B /* INUEditTableViewController.m in Sources */,
				929559B619F8213B00F39C86 /* UIImageView+WebCache.m in Sources */,
				929559B119F8213B00F39C86 /* UIButton+WebCache.m in Sources */,
				927F59E4193E56B600EEEC62 /* Bookmark.m in Sources */,
				92A98E221989495900BFA6FC /* INUInviteViewController.m in Sources */,
				929559AA19F8213B00F39C86 /* SDImageCache.m in Sources */,
				929559AB19F8213B00F39C86 /* SDWebImageCompat.m in Sources */,
				92114B5D1961AF6D00039EFC /* INUConfig.m in Sources */,
				929559B019F8213B00F39C86 /* SDWebImagePrefetcher.m in Sources */,
				929559B319F8213B00F39C86 /* UIImage+MultiFormat.m in Sources */,
				929559AC19F8213B00F39C86 /* SDWebImageDecoder.m in Sources */,
				92E0E2BC1940D1B100D9ACDD /* INUUtils.m in Sources */,
				927F59DC193E2A0100EEEC62 /* INUDataManager.m in Sources */,
				92A98E191988EBDB00BFA6FC /* INUConstants.m in Sources */,
				92A5C3231948B2EB00D40CAC /* INUPostTableViewCell.m in Sources */,
				929559B519F8213B00F39C86 /* UIImageView+HighlightedWebCache.m in Sources */,
				9285E377197EA7AF00F3919B /* INUDateTableViewCell.m in Sources */,
				92A5C31C19489FFB00D40CAC /* Post.m in Sources */,
				92F68FD21950D0CE00DCACB7 /* INUEventTabBarController.m in Sources */,
				9222DF6819D9B5A3009C5A11 /* AFURLRequestSerialization.m in Sources */,
				92C00D7D198A8A6400EAB7A3 /* Contact.m in Sources */,
				9222DF6319D9B5A3009C5A11 /* AFHTTPRequestOperationManager.m in Sources */,
				9222DF6A19D9B5A3009C5A11 /* AFURLSessionManager.m in Sources */,
				929559B719F8213B00F39C86 /* UIView+WebCacheOperation.m in Sources */,
				928375A8193A6F030000CCD6 /* Event.m in Sources */,
				924F0FDD19815B010076FDDF /* INUTextTableViewCell.m in Sources */,
				9222DF6619D9B5A3009C5A11 /* AFSecurityPolicy.m in Sources */,
				929559A919F8213B00F39C86 /* NSData+ImageContentType.m in Sources */,
				9283757E193A494D0000CCD6 /* INUAppDelegate.m in Sources */,
				9206DA45193F2A7900DA0F24 /* INUEventInfoTableViewController.m in Sources */,
				929559AE19F8213B00F39C86 /* SDWebImageDownloaderOperation.m in Sources */,
				92CB1F2619478A5800309850 /* INUGuestsTableViewController.m in Sources */,
				929559AD19F8213B00F39C86 /* SDWebImageDownloader.m in Sources */,
				924D12EE19F79198005625DE /* UIImage+Utils.m in Sources */,
			);
			runOnlyForDeploymentPostprocessing = 0;
		};
		92837581193A494D0000CCD6 /* Sources */ = {
			isa = PBXSourcesBuildPhase;
			buildActionMask = 2147483647;
			files = (
				92837593193A494D0000CCD6 /* Inutivent_iOSTests.m in Sources */,
			);
			runOnlyForDeploymentPostprocessing = 0;
		};
/* End PBXSourcesBuildPhase section */

/* Begin PBXTargetDependency section */
		9283758B193A494D0000CCD6 /* PBXTargetDependency */ = {
			isa = PBXTargetDependency;
			target = 92837569193A494D0000CCD6 /* Gromf */;
			targetProxy = 9283758A193A494D0000CCD6 /* PBXContainerItemProxy */;
		};
/* End PBXTargetDependency section */

/* Begin PBXVariantGroup section */
		9283758F193A494D0000CCD6 /* InfoPlist.strings */ = {
			isa = PBXVariantGroup;
			children = (
				92837590193A494D0000CCD6 /* en */,
			);
			name = InfoPlist.strings;
			sourceTree = "<group>";
		};
		92D3ED721A7FDA520059BAC4 /* Localizable.strings */ = {
			isa = PBXVariantGroup;
			children = (
				92D3ED731A7FDA520059BAC4 /* en */,
			);
			name = Localizable.strings;
			sourceTree = "<group>";
		};
/* End PBXVariantGroup section */

/* Begin XCBuildConfiguration section */
		92837594193A494D0000CCD6 /* Debug */ = {
			isa = XCBuildConfiguration;
			buildSettings = {
				ALWAYS_SEARCH_USER_PATHS = NO;
				CLANG_CXX_LANGUAGE_STANDARD = "gnu++0x";
				CLANG_CXX_LIBRARY = "libc++";
				CLANG_ENABLE_MODULES = YES;
				CLANG_ENABLE_OBJC_ARC = YES;
				CLANG_WARN_BOOL_CONVERSION = YES;
				CLANG_WARN_CONSTANT_CONVERSION = YES;
				CLANG_WARN_DIRECT_OBJC_ISA_USAGE = YES_ERROR;
				CLANG_WARN_EMPTY_BODY = YES;
				CLANG_WARN_ENUM_CONVERSION = YES;
				CLANG_WARN_INT_CONVERSION = YES;
				CLANG_WARN_OBJC_ROOT_CLASS = YES_ERROR;
				CLANG_WARN__DUPLICATE_METHOD_MATCH = YES;
				"CODE_SIGN_IDENTITY[sdk=iphoneos*]" = "iPhone Developer";
				COPY_PHASE_STRIP = NO;
				GCC_C_LANGUAGE_STANDARD = gnu99;
				GCC_DYNAMIC_NO_PIC = NO;
				GCC_OPTIMIZATION_LEVEL = 0;
				GCC_PREPROCESSOR_DEFINITIONS = (
					"DEBUG=1",
					"$(inherited)",
				);
				GCC_SYMBOLS_PRIVATE_EXTERN = NO;
				GCC_WARN_64_TO_32_BIT_CONVERSION = YES;
				GCC_WARN_ABOUT_RETURN_TYPE = YES_ERROR;
				GCC_WARN_UNDECLARED_SELECTOR = YES;
				GCC_WARN_UNINITIALIZED_AUTOS = YES_AGGRESSIVE;
				GCC_WARN_UNUSED_FUNCTION = YES;
				GCC_WARN_UNUSED_VARIABLE = YES;
				IPHONEOS_DEPLOYMENT_TARGET = 7.1;
				ONLY_ACTIVE_ARCH = YES;
				SDKROOT = iphoneos;
			};
			name = Debug;
		};
		92837595193A494D0000CCD6 /* Release */ = {
			isa = XCBuildConfiguration;
			buildSettings = {
				ALWAYS_SEARCH_USER_PATHS = NO;
				CLANG_CXX_LANGUAGE_STANDARD = "gnu++0x";
				CLANG_CXX_LIBRARY = "libc++";
				CLANG_ENABLE_MODULES = YES;
				CLANG_ENABLE_OBJC_ARC = YES;
				CLANG_WARN_BOOL_CONVERSION = YES;
				CLANG_WARN_CONSTANT_CONVERSION = YES;
				CLANG_WARN_DIRECT_OBJC_ISA_USAGE = YES_ERROR;
				CLANG_WARN_EMPTY_BODY = YES;
				CLANG_WARN_ENUM_CONVERSION = YES;
				CLANG_WARN_INT_CONVERSION = YES;
				CLANG_WARN_OBJC_ROOT_CLASS = YES_ERROR;
				CLANG_WARN__DUPLICATE_METHOD_MATCH = YES;
				"CODE_SIGN_IDENTITY[sdk=iphoneos*]" = "iPhone Developer";
				COPY_PHASE_STRIP = YES;
				ENABLE_NS_ASSERTIONS = NO;
				GCC_C_LANGUAGE_STANDARD = gnu99;
				GCC_WARN_64_TO_32_BIT_CONVERSION = YES;
				GCC_WARN_ABOUT_RETURN_TYPE = YES_ERROR;
				GCC_WARN_UNDECLARED_SELECTOR = YES;
				GCC_WARN_UNINITIALIZED_AUTOS = YES_AGGRESSIVE;
				GCC_WARN_UNUSED_FUNCTION = YES;
				GCC_WARN_UNUSED_VARIABLE = YES;
				IPHONEOS_DEPLOYMENT_TARGET = 7.1;
				SDKROOT = iphoneos;
				VALIDATE_PRODUCT = YES;
			};
			name = Release;
		};
		92837597193A494D0000CCD6 /* Debug */ = {
			isa = XCBuildConfiguration;
			buildSettings = {
				ASSETCATALOG_COMPILER_APPICON_NAME = AppIcon;
				ASSETCATALOG_COMPILER_LAUNCHIMAGE_NAME = LaunchImage;
				CODE_SIGN_IDENTITY = "iPhone Developer";
				GCC_PRECOMPILE_PREFIX_HEADER = YES;
				GCC_PREFIX_HEADER = "Inutivent-iOS/Gromf-Prefix.pch";
				INFOPLIST_FILE = "Inutivent-iOS/Gromf-Info.plist";
				IPHONEOS_DEPLOYMENT_TARGET = 6.0;
				PRODUCT_NAME = "$(TARGET_NAME)";
				PROVISIONING_PROFILE = "7605e2ca-4a94-4790-b95f-70c935769e2f";
				TARGETED_DEVICE_FAMILY = "1,2";
				WRAPPER_EXTENSION = app;
			};
			name = Debug;
		};
		92837598193A494D0000CCD6 /* Release */ = {
			isa = XCBuildConfiguration;
			buildSettings = {
				ASSETCATALOG_COMPILER_APPICON_NAME = AppIcon;
				ASSETCATALOG_COMPILER_LAUNCHIMAGE_NAME = LaunchImage;
				CODE_SIGN_IDENTITY = "iPhone Developer";
				GCC_PRECOMPILE_PREFIX_HEADER = YES;
				GCC_PREFIX_HEADER = "Inutivent-iOS/Gromf-Prefix.pch";
				INFOPLIST_FILE = "Inutivent-iOS/Gromf-Info.plist";
				IPHONEOS_DEPLOYMENT_TARGET = 6.0;
				PRODUCT_NAME = "$(TARGET_NAME)";
				PROVISIONING_PROFILE = "7605e2ca-4a94-4790-b95f-70c935769e2f";
				TARGETED_DEVICE_FAMILY = "1,2";
				WRAPPER_EXTENSION = app;
			};
			name = Release;
		};
		9283759A193A494D0000CCD6 /* Debug */ = {
			isa = XCBuildConfiguration;
			buildSettings = {
				BUNDLE_LOADER = "$(BUILT_PRODUCTS_DIR)/Inutivent-iOS.app/Inutivent-iOS";
				FRAMEWORK_SEARCH_PATHS = (
					"$(SDKROOT)/Developer/Library/Frameworks",
					"$(inherited)",
					"$(DEVELOPER_FRAMEWORKS_DIR)",
				);
				GCC_PRECOMPILE_PREFIX_HEADER = YES;
				GCC_PREFIX_HEADER = "Inutivent-iOS/Inutivent-iOS-Prefix.pch";
				GCC_PREPROCESSOR_DEFINITIONS = (
					"DEBUG=1",
					"$(inherited)",
				);
				INFOPLIST_FILE = "Inutivent-iOSTests/GromfTests-Info.plist";
				PRODUCT_NAME = "$(TARGET_NAME)";
				TEST_HOST = "$(BUNDLE_LOADER)";
				WRAPPER_EXTENSION = xctest;
			};
			name = Debug;
		};
		9283759B193A494D0000CCD6 /* Release */ = {
			isa = XCBuildConfiguration;
			buildSettings = {
				BUNDLE_LOADER = "$(BUILT_PRODUCTS_DIR)/Inutivent-iOS.app/Inutivent-iOS";
				FRAMEWORK_SEARCH_PATHS = (
					"$(SDKROOT)/Developer/Library/Frameworks",
					"$(inherited)",
					"$(DEVELOPER_FRAMEWORKS_DIR)",
				);
				GCC_PRECOMPILE_PREFIX_HEADER = YES;
				GCC_PREFIX_HEADER = "Inutivent-iOS/Inutivent-iOS-Prefix.pch";
				INFOPLIST_FILE = "Inutivent-iOSTests/GromfTests-Info.plist";
				PRODUCT_NAME = "$(TARGET_NAME)";
				TEST_HOST = "$(BUNDLE_LOADER)";
				WRAPPER_EXTENSION = xctest;
			};
			name = Release;
		};
/* End XCBuildConfiguration section */

/* Begin XCConfigurationList section */
		92837565193A494D0000CCD6 /* Build configuration list for PBXProject "Gromf" */ = {
			isa = XCConfigurationList;
			buildConfigurations = (
				92837594193A494D0000CCD6 /* Debug */,
				92837595193A494D0000CCD6 /* Release */,
			);
			defaultConfigurationIsVisible = 0;
			defaultConfigurationName = Release;
		};
		92837596193A494D0000CCD6 /* Build configuration list for PBXNativeTarget "Gromf" */ = {
			isa = XCConfigurationList;
			buildConfigurations = (
				92837597193A494D0000CCD6 /* Debug */,
				92837598193A494D0000CCD6 /* Release */,
			);
			defaultConfigurationIsVisible = 0;
			defaultConfigurationName = Release;
		};
		92837599193A494D0000CCD6 /* Build configuration list for PBXNativeTarget "Inutivent-Tests" */ = {
			isa = XCConfigurationList;
			buildConfigurations = (
				9283759A193A494D0000CCD6 /* Debug */,
				9283759B193A494D0000CCD6 /* Release */,
			);
			defaultConfigurationIsVisible = 0;
			defaultConfigurationName = Release;
		};
/* End XCConfigurationList section */
	};
	rootObject = 92837562193A494D0000CCD6 /* Project object */;
}
