// !$*UTF8*$!
{
	archiveVersion = 1;
	classes = {
	};
	objectVersion = 46;
	objects = {

/* Begin PBXBuildFile section */
		9206DA42193F280C00DA0F24 /* default_header.jpg in Resources */ = {isa = PBXBuildFile; fileRef = 9206DA41193F280C00DA0F24 /* default_header.jpg */; };
		9206DA45193F2A7900DA0F24 /* INUEventInfoTableViewController.m in Sources */ = {isa = PBXBuildFile; fileRef = 9206DA44193F2A7900DA0F24 /* INUEventInfoTableViewController.m */; };
		922454871951CB4D0058FF50 /* INUSpinnerView.m in Sources */ = {isa = PBXBuildFile; fileRef = 922454861951CB4D0058FF50 /* INUSpinnerView.m */; };
		9248830F1955BDB20034BFDD /* INUAboutTableViewController.m in Sources */ = {isa = PBXBuildFile; fileRef = 9248830E1955BDB20034BFDD /* INUAboutTableViewController.m */; };
		924883121955CCB80034BFDD /* INUVersionHistoryViewController.m in Sources */ = {isa = PBXBuildFile; fileRef = 924883111955CCB80034BFDD /* INUVersionHistoryViewController.m */; };
		924883151955CD890034BFDD /* Version-History.txt in Resources */ = {isa = PBXBuildFile; fileRef = 924883141955CD890034BFDD /* Version-History.txt */; };
		927F59DC193E2A0100EEEC62 /* INUDataManager.m in Sources */ = {isa = PBXBuildFile; fileRef = 927F59DB193E2A0100EEEC62 /* INUDataManager.m */; };
		927F59DF193E2E5300EEEC62 /* User.m in Sources */ = {isa = PBXBuildFile; fileRef = 927F59DE193E2E5300EEEC62 /* User.m */; };
		927F59E4193E56B600EEEC62 /* Bookmark.m in Sources */ = {isa = PBXBuildFile; fileRef = 927F59E3193E56B600EEEC62 /* Bookmark.m */; };
		9283756E193A494D0000CCD6 /* Foundation.framework in Frameworks */ = {isa = PBXBuildFile; fileRef = 9283756D193A494D0000CCD6 /* Foundation.framework */; };
		92837570193A494D0000CCD6 /* CoreGraphics.framework in Frameworks */ = {isa = PBXBuildFile; fileRef = 9283756F193A494D0000CCD6 /* CoreGraphics.framework */; };
		92837572193A494D0000CCD6 /* UIKit.framework in Frameworks */ = {isa = PBXBuildFile; fileRef = 92837571193A494D0000CCD6 /* UIKit.framework */; };
		92837578193A494D0000CCD6 /* InfoPlist.strings in Resources */ = {isa = PBXBuildFile; fileRef = 92837576193A494D0000CCD6 /* InfoPlist.strings */; };
		9283757A193A494D0000CCD6 /* main.m in Sources */ = {isa = PBXBuildFile; fileRef = 92837579193A494D0000CCD6 /* main.m */; };
		9283757E193A494D0000CCD6 /* INUAppDelegate.m in Sources */ = {isa = PBXBuildFile; fileRef = 9283757D193A494D0000CCD6 /* INUAppDelegate.m */; };
		92837580193A494D0000CCD6 /* Images.xcassets in Resources */ = {isa = PBXBuildFile; fileRef = 9283757F193A494D0000CCD6 /* Images.xcassets */; };
		92837587193A494D0000CCD6 /* XCTest.framework in Frameworks */ = {isa = PBXBuildFile; fileRef = 92837586193A494D0000CCD6 /* XCTest.framework */; };
		92837588193A494D0000CCD6 /* Foundation.framework in Frameworks */ = {isa = PBXBuildFile; fileRef = 9283756D193A494D0000CCD6 /* Foundation.framework */; };
		92837589193A494D0000CCD6 /* UIKit.framework in Frameworks */ = {isa = PBXBuildFile; fileRef = 92837571193A494D0000CCD6 /* UIKit.framework */; };
		92837591193A494D0000CCD6 /* InfoPlist.strings in Resources */ = {isa = PBXBuildFile; fileRef = 9283758F193A494D0000CCD6 /* InfoPlist.strings */; };
		92837593193A494D0000CCD6 /* Inutivent_iOSTests.m in Sources */ = {isa = PBXBuildFile; fileRef = 92837592193A494D0000CCD6 /* Inutivent_iOSTests.m */; };
		9283759F193A66E00000CCD6 /* Main.storyboard in Resources */ = {isa = PBXBuildFile; fileRef = 9283759E193A66E00000CCD6 /* Main.storyboard */; };
		928375A5193A6C670000CCD6 /* INUEventsTableViewController.m in Sources */ = {isa = PBXBuildFile; fileRef = 928375A4193A6C670000CCD6 /* INUEventsTableViewController.m */; };
		928375A8193A6F030000CCD6 /* Event.m in Sources */ = {isa = PBXBuildFile; fileRef = 928375A7193A6F030000CCD6 /* Event.m */; };
		928D1DAE195B0BCA0087EAA5 /* INUWelcomeViewController.m in Sources */ = {isa = PBXBuildFile; fileRef = 928D1DAD195B0BCA0087EAA5 /* INUWelcomeViewController.m */; };
		928D1DB1195B11650087EAA5 /* INUWelcomeContentViewController.m in Sources */ = {isa = PBXBuildFile; fileRef = 928D1DB0195B11650087EAA5 /* INUWelcomeContentViewController.m */; };
		92A5C31C19489FFB00D40CAC /* Post.m in Sources */ = {isa = PBXBuildFile; fileRef = 92A5C31B19489FFB00D40CAC /* Post.m */; };
		92A5C3201948AD9B00D40CAC /* INUPostsTableViewController.m in Sources */ = {isa = PBXBuildFile; fileRef = 92A5C31F1948AD9B00D40CAC /* INUPostsTableViewController.m */; };
		92A5C3231948B2EB00D40CAC /* INUPostTableViewCell.m in Sources */ = {isa = PBXBuildFile; fileRef = 92A5C3221948B2EB00D40CAC /* INUPostTableViewCell.m */; };
		92BCB0331947478300A1E882 /* UI.xcassets in Resources */ = {isa = PBXBuildFile; fileRef = 92BCB0321947478300A1E882 /* UI.xcassets */; };
		92CB1F2619478A5800309850 /* INUGuestsTableViewController.m in Sources */ = {isa = PBXBuildFile; fileRef = 92CB1F2519478A5800309850 /* INUGuestsTableViewController.m */; };
		92CB1F29194791A100309850 /* INUListSection.m in Sources */ = {isa = PBXBuildFile; fileRef = 92CB1F28194791A100309850 /* INUListSection.m */; };
		92E0E2BC1940D1B100D9ACDD /* INUUtils.m in Sources */ = {isa = PBXBuildFile; fileRef = 92E0E2BB1940D1B100D9ACDD /* INUUtils.m */; };
		92F68FD21950D0CE00DCACB7 /* INUEventTabBarController.m in Sources */ = {isa = PBXBuildFile; fileRef = 92F68FD11950D0CE00DCACB7 /* INUEventTabBarController.m */; };
/* End PBXBuildFile section */

/* Begin PBXContainerItemProxy section */
		9283758A193A494D0000CCD6 /* PBXContainerItemProxy */ = {
			isa = PBXContainerItemProxy;
			containerPortal = 92837562193A494D0000CCD6 /* Project object */;
			proxyType = 1;
			remoteGlobalIDString = 92837569193A494D0000CCD6;
			remoteInfo = "Inutivent-iOS";
		};
/* End PBXContainerItemProxy section */

/* Begin PBXFileReference section */
		9206DA41193F280C00DA0F24 /* default_header.jpg */ = {isa = PBXFileReference; lastKnownFileType = image.jpeg; path = default_header.jpg; sourceTree = "<group>"; };
		9206DA43193F2A7900DA0F24 /* INUEventInfoTableViewController.h */ = {isa = PBXFileReference; fileEncoding = 4; lastKnownFileType = sourcecode.c.h; path = INUEventInfoTableViewController.h; sourceTree = "<group>"; };
		9206DA44193F2A7900DA0F24 /* INUEventInfoTableViewController.m */ = {isa = PBXFileReference; fileEncoding = 4; lastKnownFileType = sourcecode.c.objc; path = INUEventInfoTableViewController.m; sourceTree = "<group>"; };
		922454851951CB4D0058FF50 /* INUSpinnerView.h */ = {isa = PBXFileReference; fileEncoding = 4; lastKnownFileType = sourcecode.c.h; path = INUSpinnerView.h; sourceTree = "<group>"; };
		922454861951CB4D0058FF50 /* INUSpinnerView.m */ = {isa = PBXFileReference; fileEncoding = 4; lastKnownFileType = sourcecode.c.objc; path = INUSpinnerView.m; sourceTree = "<group>"; };
		9248830D1955BDB20034BFDD /* INUAboutTableViewController.h */ = {isa = PBXFileReference; fileEncoding = 4; lastKnownFileType = sourcecode.c.h; path = INUAboutTableViewController.h; sourceTree = "<group>"; };
		9248830E1955BDB20034BFDD /* INUAboutTableViewController.m */ = {isa = PBXFileReference; fileEncoding = 4; lastKnownFileType = sourcecode.c.objc; path = INUAboutTableViewController.m; sourceTree = "<group>"; };
		924883101955CCB80034BFDD /* INUVersionHistoryViewController.h */ = {isa = PBXFileReference; fileEncoding = 4; lastKnownFileType = sourcecode.c.h; path = INUVersionHistoryViewController.h; sourceTree = "<group>"; };
		924883111955CCB80034BFDD /* INUVersionHistoryViewController.m */ = {isa = PBXFileReference; fileEncoding = 4; lastKnownFileType = sourcecode.c.objc; path = INUVersionHistoryViewController.m; sourceTree = "<group>"; };
		924883141955CD890034BFDD /* Version-History.txt */ = {isa = PBXFileReference; fileEncoding = 4; lastKnownFileType = text; path = "Version-History.txt"; sourceTree = "<group>"; };
		927F59DA193E2A0100EEEC62 /* INUDataManager.h */ = {isa = PBXFileReference; fileEncoding = 4; lastKnownFileType = sourcecode.c.h; path = INUDataManager.h; sourceTree = "<group>"; };
		927F59DB193E2A0100EEEC62 /* INUDataManager.m */ = {isa = PBXFileReference; fileEncoding = 4; lastKnownFileType = sourcecode.c.objc; path = INUDataManager.m; sourceTree = "<group>"; };
		927F59DD193E2E5300EEEC62 /* User.h */ = {isa = PBXFileReference; fileEncoding = 4; lastKnownFileType = sourcecode.c.h; path = User.h; sourceTree = "<group>"; };
		927F59DE193E2E5300EEEC62 /* User.m */ = {isa = PBXFileReference; fileEncoding = 4; lastKnownFileType = sourcecode.c.objc; path = User.m; sourceTree = "<group>"; };
		927F59E2193E56B600EEEC62 /* Bookmark.h */ = {isa = PBXFileReference; fileEncoding = 4; lastKnownFileType = sourcecode.c.h; path = Bookmark.h; sourceTree = "<group>"; };
		927F59E3193E56B600EEEC62 /* Bookmark.m */ = {isa = PBXFileReference; fileEncoding = 4; lastKnownFileType = sourcecode.c.objc; path = Bookmark.m; sourceTree = "<group>"; };
		9283756A193A494D0000CCD6 /* Inutivent.app */ = {isa = PBXFileReference; explicitFileType = wrapper.application; includeInIndex = 0; path = Inutivent.app; sourceTree = BUILT_PRODUCTS_DIR; };
		9283756D193A494D0000CCD6 /* Foundation.framework */ = {isa = PBXFileReference; lastKnownFileType = wrapper.framework; name = Foundation.framework; path = System/Library/Frameworks/Foundation.framework; sourceTree = SDKROOT; };
		9283756F193A494D0000CCD6 /* CoreGraphics.framework */ = {isa = PBXFileReference; lastKnownFileType = wrapper.framework; name = CoreGraphics.framework; path = System/Library/Frameworks/CoreGraphics.framework; sourceTree = SDKROOT; };
		92837571193A494D0000CCD6 /* UIKit.framework */ = {isa = PBXFileReference; lastKnownFileType = wrapper.framework; name = UIKit.framework; path = System/Library/Frameworks/UIKit.framework; sourceTree = SDKROOT; };
		92837575193A494D0000CCD6 /* Inutivent-iOS-Info.plist */ = {isa = PBXFileReference; lastKnownFileType = text.plist.xml; path = "Inutivent-iOS-Info.plist"; sourceTree = "<group>"; };
		92837577193A494D0000CCD6 /* en */ = {isa = PBXFileReference; lastKnownFileType = text.plist.strings; name = en; path = en.lproj/InfoPlist.strings; sourceTree = "<group>"; };
		92837579193A494D0000CCD6 /* main.m */ = {isa = PBXFileReference; lastKnownFileType = sourcecode.c.objc; path = main.m; sourceTree = "<group>"; };
		9283757B193A494D0000CCD6 /* Inutivent-iOS-Prefix.pch */ = {isa = PBXFileReference; lastKnownFileType = sourcecode.c.h; path = "Inutivent-iOS-Prefix.pch"; sourceTree = "<group>"; };
		9283757C193A494D0000CCD6 /* INUAppDelegate.h */ = {isa = PBXFileReference; lastKnownFileType = sourcecode.c.h; path = INUAppDelegate.h; sourceTree = "<group>"; };
		9283757D193A494D0000CCD6 /* INUAppDelegate.m */ = {isa = PBXFileReference; lastKnownFileType = sourcecode.c.objc; path = INUAppDelegate.m; sourceTree = "<group>"; };
		9283757F193A494D0000CCD6 /* Images.xcassets */ = {isa = PBXFileReference; lastKnownFileType = folder.assetcatalog; path = Images.xcassets; sourceTree = "<group>"; };
		92837585193A494D0000CCD6 /* Inutivent-Tests.xctest */ = {isa = PBXFileReference; explicitFileType = wrapper.cfbundle; includeInIndex = 0; path = "Inutivent-Tests.xctest"; sourceTree = BUILT_PRODUCTS_DIR; };
		92837586193A494D0000CCD6 /* XCTest.framework */ = {isa = PBXFileReference; lastKnownFileType = wrapper.framework; name = XCTest.framework; path = Library/Frameworks/XCTest.framework; sourceTree = DEVELOPER_DIR; };
		9283758E193A494D0000CCD6 /* Inutivent-iOSTests-Info.plist */ = {isa = PBXFileReference; lastKnownFileType = text.plist.xml; path = "Inutivent-iOSTests-Info.plist"; sourceTree = "<group>"; };
		92837590193A494D0000CCD6 /* en */ = {isa = PBXFileReference; lastKnownFileType = text.plist.strings; name = en; path = en.lproj/InfoPlist.strings; sourceTree = "<group>"; };
		92837592193A494D0000CCD6 /* Inutivent_iOSTests.m */ = {isa = PBXFileReference; lastKnownFileType = sourcecode.c.objc; path = Inutivent_iOSTests.m; sourceTree = "<group>"; };
		9283759E193A66E00000CCD6 /* Main.storyboard */ = {isa = PBXFileReference; fileEncoding = 4; lastKnownFileType = file.storyboard; path = Main.storyboard; sourceTree = "<group>"; };
		928375A3193A6C670000CCD6 /* INUEventsTableViewController.h */ = {isa = PBXFileReference; fileEncoding = 4; lastKnownFileType = sourcecode.c.h; path = INUEventsTableViewController.h; sourceTree = "<group>"; };
		928375A4193A6C670000CCD6 /* INUEventsTableViewController.m */ = {isa = PBXFileReference; fileEncoding = 4; lastKnownFileType = sourcecode.c.objc; path = INUEventsTableViewController.m; sourceTree = "<group>"; };
		928375A6193A6F030000CCD6 /* Event.h */ = {isa = PBXFileReference; fileEncoding = 4; lastKnownFileType = sourcecode.c.h; path = Event.h; sourceTree = "<group>"; };
		928375A7193A6F030000CCD6 /* Event.m */ = {isa = PBXFileReference; fileEncoding = 4; lastKnownFileType = sourcecode.c.objc; path = Event.m; sourceTree = "<group>"; };
		928D1DAC195B0BCA0087EAA5 /* INUWelcomeViewController.h */ = {isa = PBXFileReference; fileEncoding = 4; lastKnownFileType = sourcecode.c.h; path = INUWelcomeViewController.h; sourceTree = "<group>"; };
		928D1DAD195B0BCA0087EAA5 /* INUWelcomeViewController.m */ = {isa = PBXFileReference; fileEncoding = 4; lastKnownFileType = sourcecode.c.objc; path = INUWelcomeViewController.m; sourceTree = "<group>"; };
		928D1DAF195B11650087EAA5 /* INUWelcomeContentViewController.h */ = {isa = PBXFileReference; fileEncoding = 4; lastKnownFileType = sourcecode.c.h; path = INUWelcomeContentViewController.h; sourceTree = "<group>"; };
		928D1DB0195B11650087EAA5 /* INUWelcomeContentViewController.m */ = {isa = PBXFileReference; fileEncoding = 4; lastKnownFileType = sourcecode.c.objc; path = INUWelcomeContentViewController.m; sourceTree = "<group>"; };
		92A5C31A19489FFB00D40CAC /* Post.h */ = {isa = PBXFileReference; fileEncoding = 4; lastKnownFileType = sourcecode.c.h; path = Post.h; sourceTree = "<group>"; };
		92A5C31B19489FFB00D40CAC /* Post.m */ = {isa = PBXFileReference; fileEncoding = 4; lastKnownFileType = sourcecode.c.objc; path = Post.m; sourceTree = "<group>"; };
		92A5C31E1948AD9B00D40CAC /* INUPostsTableViewController.h */ = {isa = PBXFileReference; fileEncoding = 4; lastKnownFileType = sourcecode.c.h; path = INUPostsTableViewController.h; sourceTree = "<group>"; };
		92A5C31F1948AD9B00D40CAC /* INUPostsTableViewController.m */ = {isa = PBXFileReference; fileEncoding = 4; lastKnownFileType = sourcecode.c.objc; path = INUPostsTableViewController.m; sourceTree = "<group>"; };
		92A5C3211948B2EB00D40CAC /* INUPostTableViewCell.h */ = {isa = PBXFileReference; fileEncoding = 4; lastKnownFileType = sourcecode.c.h; path = INUPostTableViewCell.h; sourceTree = "<group>"; };
		92A5C3221948B2EB00D40CAC /* INUPostTableViewCell.m */ = {isa = PBXFileReference; fileEncoding = 4; lastKnownFileType = sourcecode.c.objc; path = INUPostTableViewCell.m; sourceTree = "<group>"; };
		92BCB0321947478300A1E882 /* UI.xcassets */ = {isa = PBXFileReference; lastKnownFileType = folder.assetcatalog; path = UI.xcassets; sourceTree = "<group>"; };
		92CB1F2419478A5800309850 /* INUGuestsTableViewController.h */ = {isa = PBXFileReference; fileEncoding = 4; lastKnownFileType = sourcecode.c.h; path = INUGuestsTableViewController.h; sourceTree = "<group>"; };
		92CB1F2519478A5800309850 /* INUGuestsTableViewController.m */ = {isa = PBXFileReference; fileEncoding = 4; lastKnownFileType = sourcecode.c.objc; path = INUGuestsTableViewController.m; sourceTree = "<group>"; };
		92CB1F27194791A100309850 /* INUListSection.h */ = {isa = PBXFileReference; fileEncoding = 4; lastKnownFileType = sourcecode.c.h; path = INUListSection.h; sourceTree = "<group>"; };
		92CB1F28194791A100309850 /* INUListSection.m */ = {isa = PBXFileReference; fileEncoding = 4; lastKnownFileType = sourcecode.c.objc; path = INUListSection.m; sourceTree = "<group>"; };
		92E0E2BA1940D1B100D9ACDD /* INUUtils.h */ = {isa = PBXFileReference; fileEncoding = 4; lastKnownFileType = sourcecode.c.h; path = INUUtils.h; sourceTree = "<group>"; };
		92E0E2BB1940D1B100D9ACDD /* INUUtils.m */ = {isa = PBXFileReference; fileEncoding = 4; lastKnownFileType = sourcecode.c.objc; path = INUUtils.m; sourceTree = "<group>"; };
		92F68FD01950D0CE00DCACB7 /* INUEventTabBarController.h */ = {isa = PBXFileReference; fileEncoding = 4; lastKnownFileType = sourcecode.c.h; path = INUEventTabBarController.h; sourceTree = "<group>"; };
		92F68FD11950D0CE00DCACB7 /* INUEventTabBarController.m */ = {isa = PBXFileReference; fileEncoding = 4; lastKnownFileType = sourcecode.c.objc; path = INUEventTabBarController.m; sourceTree = "<group>"; };
/* End PBXFileReference section */

/* Begin PBXFrameworksBuildPhase section */
		92837567193A494D0000CCD6 /* Frameworks */ = {
			isa = PBXFrameworksBuildPhase;
			buildActionMask = 2147483647;
			files = (
				92837570193A494D0000CCD6 /* CoreGraphics.framework in Frameworks */,
				92837572193A494D0000CCD6 /* UIKit.framework in Frameworks */,
				9283756E193A494D0000CCD6 /* Foundation.framework in Frameworks */,
			);
			runOnlyForDeploymentPostprocessing = 0;
		};
		92837582193A494D0000CCD6 /* Frameworks */ = {
			isa = PBXFrameworksBuildPhase;
			buildActionMask = 2147483647;
			files = (
				92837587193A494D0000CCD6 /* XCTest.framework in Frameworks */,
				92837589193A494D0000CCD6 /* UIKit.framework in Frameworks */,
				92837588193A494D0000CCD6 /* Foundation.framework in Frameworks */,
			);
			runOnlyForDeploymentPostprocessing = 0;
		};
/* End PBXFrameworksBuildPhase section */

/* Begin PBXGroup section */
		922454841951CB2A0058FF50 /* Views */ = {
			isa = PBXGroup;
			children = (
				9283759E193A66E00000CCD6 /* Main.storyboard */,
				922454851951CB4D0058FF50 /* INUSpinnerView.h */,
				922454861951CB4D0058FF50 /* INUSpinnerView.m */,
			);
			name = Views;
			sourceTree = "<group>";
		};
		924883131955CD610034BFDD /* Files */ = {
			isa = PBXGroup;
			children = (
				924883141955CD890034BFDD /* Version-History.txt */,
			);
			name = Files;
			sourceTree = "<group>";
		};
		92837561193A494D0000CCD6 = {
			isa = PBXGroup;
			children = (
				92837573193A494D0000CCD6 /* Inutivent-iOS */,
				9283758C193A494D0000CCD6 /* Inutivent-iOSTests */,
				9283756C193A494D0000CCD6 /* Frameworks */,
				9283756B193A494D0000CCD6 /* Products */,
			);
			sourceTree = "<group>";
		};
		9283756B193A494D0000CCD6 /* Products */ = {
			isa = PBXGroup;
			children = (
				9283756A193A494D0000CCD6 /* Inutivent.app */,
				92837585193A494D0000CCD6 /* Inutivent-Tests.xctest */,
			);
			name = Products;
			sourceTree = "<group>";
		};
		9283756C193A494D0000CCD6 /* Frameworks */ = {
			isa = PBXGroup;
			children = (
				9283756D193A494D0000CCD6 /* Foundation.framework */,
				9283756F193A494D0000CCD6 /* CoreGraphics.framework */,
				92837571193A494D0000CCD6 /* UIKit.framework */,
				92837586193A494D0000CCD6 /* XCTest.framework */,
			);
			name = Frameworks;
			sourceTree = "<group>";
		};
		92837573193A494D0000CCD6 /* Inutivent-iOS */ = {
			isa = PBXGroup;
			children = (
				924883131955CD610034BFDD /* Files */,
				92BCB02B1947205F00A1E882 /* Images */,
				928375A9193A6F090000CCD6 /* Models */,
				922454841951CB2A0058FF50 /* Views */,
				92A5C31D1948AD5100D40CAC /* Controllers */,
				927F59DA193E2A0100EEEC62 /* INUDataManager.h */,
				927F59DB193E2A0100EEEC62 /* INUDataManager.m */,
				9283757C193A494D0000CCD6 /* INUAppDelegate.h */,
				9283757D193A494D0000CCD6 /* INUAppDelegate.m */,
				92E0E2BA1940D1B100D9ACDD /* INUUtils.h */,
				92E0E2BB1940D1B100D9ACDD /* INUUtils.m */,
				92CB1F27194791A100309850 /* INUListSection.h */,
				92CB1F28194791A100309850 /* INUListSection.m */,
				92837574193A494D0000CCD6 /* Supporting Files */,
			);
			path = "Inutivent-iOS";
			sourceTree = "<group>";
		};
		92837574193A494D0000CCD6 /* Supporting Files */ = {
			isa = PBXGroup;
			children = (
				92837575193A494D0000CCD6 /* Inutivent-iOS-Info.plist */,
				92837576193A494D0000CCD6 /* InfoPlist.strings */,
				92837579193A494D0000CCD6 /* main.m */,
				9283757B193A494D0000CCD6 /* Inutivent-iOS-Prefix.pch */,
			);
			name = "Supporting Files";
			sourceTree = "<group>";
		};
		9283758C193A494D0000CCD6 /* Inutivent-iOSTests */ = {
			isa = PBXGroup;
			children = (
				92837592193A494D0000CCD6 /* Inutivent_iOSTests.m */,
				9283758D193A494D0000CCD6 /* Supporting Files */,
			);
			path = "Inutivent-iOSTests";
			sourceTree = "<group>";
		};
		9283758D193A494D0000CCD6 /* Supporting Files */ = {
			isa = PBXGroup;
			children = (
				9283758E193A494D0000CCD6 /* Inutivent-iOSTests-Info.plist */,
				9283758F193A494D0000CCD6 /* InfoPlist.strings */,
			);
			name = "Supporting Files";
			sourceTree = "<group>";
		};
		928375A9193A6F090000CCD6 /* Models */ = {
			isa = PBXGroup;
			children = (
				928375A6193A6F030000CCD6 /* Event.h */,
				928375A7193A6F030000CCD6 /* Event.m */,
				927F59DD193E2E5300EEEC62 /* User.h */,
				927F59DE193E2E5300EEEC62 /* User.m */,
				927F59E2193E56B600EEEC62 /* Bookmark.h */,
				927F59E3193E56B600EEEC62 /* Bookmark.m */,
				92A5C31A19489FFB00D40CAC /* Post.h */,
				92A5C31B19489FFB00D40CAC /* Post.m */,
			);
			name = Models;
			sourceTree = "<group>";
		};
		92A5C31D1948AD5100D40CAC /* Controllers */ = {
			isa = PBXGroup;
			children = (
				928375A3193A6C670000CCD6 /* INUEventsTableViewController.h */,
				928375A4193A6C670000CCD6 /* INUEventsTableViewController.m */,
				92F68FD01950D0CE00DCACB7 /* INUEventTabBarController.h */,
				92F68FD11950D0CE00DCACB7 /* INUEventTabBarController.m */,
				9206DA43193F2A7900DA0F24 /* INUEventInfoTableViewController.h */,
				9206DA44193F2A7900DA0F24 /* INUEventInfoTableViewController.m */,
				92CB1F2419478A5800309850 /* INUGuestsTableViewController.h */,
				92CB1F2519478A5800309850 /* INUGuestsTableViewController.m */,
				92A5C31E1948AD9B00D40CAC /* INUPostsTableViewController.h */,
				92A5C31F1948AD9B00D40CAC /* INUPostsTableViewController.m */,
				92A5C3211948B2EB00D40CAC /* INUPostTableViewCell.h */,
				92A5C3221948B2EB00D40CAC /* INUPostTableViewCell.m */,
				9248830D1955BDB20034BFDD /* INUAboutTableViewController.h */,
				9248830E1955BDB20034BFDD /* INUAboutTableViewController.m */,
				924883101955CCB80034BFDD /* INUVersionHistoryViewController.h */,
				924883111955CCB80034BFDD /* INUVersionHistoryViewController.m */,
				928D1DAC195B0BCA0087EAA5 /* INUWelcomeViewController.h */,
				928D1DAD195B0BCA0087EAA5 /* INUWelcomeViewController.m */,
				928D1DAF195B11650087EAA5 /* INUWelcomeContentViewController.h */,
				928D1DB0195B11650087EAA5 /* INUWelcomeContentViewController.m */,
			);
			name = Controllers;
			sourceTree = "<group>";
		};
		92BCB02B1947205F00A1E882 /* Images */ = {
			isa = PBXGroup;
			children = (
				9283757F193A494D0000CCD6 /* Images.xcassets */,
				92BCB0321947478300A1E882 /* UI.xcassets */,
				9206DA41193F280C00DA0F24 /* default_header.jpg */,
			);
			name = Images;
			sourceTree = "<group>";
		};
/* End PBXGroup section */

/* Begin PBXNativeTarget section */
		92837569193A494D0000CCD6 /* Inutivent */ = {
			isa = PBXNativeTarget;
			buildConfigurationList = 92837596193A494D0000CCD6 /* Build configuration list for PBXNativeTarget "Inutivent" */;
			buildPhases = (
				92837566193A494D0000CCD6 /* Sources */,
				92837567193A494D0000CCD6 /* Frameworks */,
				92837568193A494D0000CCD6 /* Resources */,
			);
			buildRules = (
			);
			dependencies = (
			);
			name = Inutivent;
			productName = "Inutivent-iOS";
			productReference = 9283756A193A494D0000CCD6 /* Inutivent.app */;
			productType = "com.apple.product-type.application";
		};
		92837584193A494D0000CCD6 /* Inutivent-Tests */ = {
			isa = PBXNativeTarget;
			buildConfigurationList = 92837599193A494D0000CCD6 /* Build configuration list for PBXNativeTarget "Inutivent-Tests" */;
			buildPhases = (
				92837581193A494D0000CCD6 /* Sources */,
				92837582193A494D0000CCD6 /* Frameworks */,
				92837583193A494D0000CCD6 /* Resources */,
			);
			buildRules = (
			);
			dependencies = (
				9283758B193A494D0000CCD6 /* PBXTargetDependency */,
			);
			name = "Inutivent-Tests";
			productName = "Inutivent-iOSTests";
			productReference = 92837585193A494D0000CCD6 /* Inutivent-Tests.xctest */;
			productType = "com.apple.product-type.bundle.unit-test";
		};
/* End PBXNativeTarget section */

/* Begin PBXProject section */
		92837562193A494D0000CCD6 /* Project object */ = {
			isa = PBXProject;
			attributes = {
				CLASSPREFIX = INU;
				LastUpgradeCheck = 0510;
				ORGANIZATIONNAME = "Inutilis Software";
				TargetAttributes = {
					92837569193A494D0000CCD6 = {
						DevelopmentTeam = BZ4VC623NH;
					};
					92837584193A494D0000CCD6 = {
						TestTargetID = 92837569193A494D0000CCD6;
					};
				};
			};
			buildConfigurationList = 92837565193A494D0000CCD6 /* Build configuration list for PBXProject "Inutivent-iOS" */;
			compatibilityVersion = "Xcode 3.2";
			developmentRegion = English;
			hasScannedForEncodings = 0;
			knownRegions = (
				en,
			);
			mainGroup = 92837561193A494D0000CCD6;
			productRefGroup = 9283756B193A494D0000CCD6 /* Products */;
			projectDirPath = "";
			projectRoot = "";
			targets = (
				92837569193A494D0000CCD6 /* Inutivent */,
				92837584193A494D0000CCD6 /* Inutivent-Tests */,
			);
		};
/* End PBXProject section */

/* Begin PBXResourcesBuildPhase section */
		92837568193A494D0000CCD6 /* Resources */ = {
			isa = PBXResourcesBuildPhase;
			buildActionMask = 2147483647;
			files = (
				9283759F193A66E00000CCD6 /* Main.storyboard in Resources */,
				92837578193A494D0000CCD6 /* InfoPlist.strings in Resources */,
				924883151955CD890034BFDD /* Version-History.txt in Resources */,
				92BCB0331947478300A1E882 /* UI.xcassets in Resources */,
				9206DA42193F280C00DA0F24 /* default_header.jpg in Resources */,
				92837580193A494D0000CCD6 /* Images.xcassets in Resources */,
			);
			runOnlyForDeploymentPostprocessing = 0;
		};
		92837583193A494D0000CCD6 /* Resources */ = {
			isa = PBXResourcesBuildPhase;
			buildActionMask = 2147483647;
			files = (
				92837591193A494D0000CCD6 /* InfoPlist.strings in Resources */,
			);
			runOnlyForDeploymentPostprocessing = 0;
		};
/* End PBXResourcesBuildPhase section */

/* Begin PBXSourcesBuildPhase section */
		92837566193A494D0000CCD6 /* Sources */ = {
			isa = PBXSourcesBuildPhase;
			buildActionMask = 2147483647;
			files = (
				928375A5193A6C670000CCD6 /* INUEventsTableViewController.m in Sources */,
				922454871951CB4D0058FF50 /* INUSpinnerView.m in Sources */,
				927F59DF193E2E5300EEEC62 /* User.m in Sources */,
				928D1DAE195B0BCA0087EAA5 /* INUWelcomeViewController.m in Sources */,
				92CB1F29194791A100309850 /* INUListSection.m in Sources */,
				92A5C3201948AD9B00D40CAC /* INUPostsTableViewController.m in Sources */,
				928D1DB1195B11650087EAA5 /* INUWelcomeContentViewController.m in Sources */,
				924883121955CCB80034BFDD /* INUVersionHistoryViewController.m in Sources */,
				9248830F1955BDB20034BFDD /* INUAboutTableViewController.m in Sources */,
				9283757A193A494D0000CCD6 /* main.m in Sources */,
				927F59E4193E56B600EEEC62 /* Bookmark.m in Sources */,
				92E0E2BC1940D1B100D9ACDD /* INUUtils.m in Sources */,
				927F59DC193E2A0100EEEC62 /* INUDataManager.m in Sources */,
				92A5C3231948B2EB00D40CAC /* INUPostTableViewCell.m in Sources */,
				92A5C31C19489FFB00D40CAC /* Post.m in Sources */,
				92F68FD21950D0CE00DCACB7 /* INUEventTabBarController.m in Sources */,
				928375A8193A6F030000CCD6 /* Event.m in Sources */,
				9283757E193A494D0000CCD6 /* INUAppDelegate.m in Sources */,
				9206DA45193F2A7900DA0F24 /* INUEventInfoTableViewController.m in Sources */,
				92CB1F2619478A5800309850 /* INUGuestsTableViewController.m in Sources */,
			);
			runOnlyForDeploymentPostprocessing = 0;
		};
		92837581193A494D0000CCD6 /* Sources */ = {
			isa = PBXSourcesBuildPhase;
			buildActionMask = 2147483647;
			files = (
				92837593193A494D0000CCD6 /* Inutivent_iOSTests.m in Sources */,
			);
			runOnlyForDeploymentPostprocessing = 0;
		};
/* End PBXSourcesBuildPhase section */

/* Begin PBXTargetDependency section */
		9283758B193A494D0000CCD6 /* PBXTargetDependency */ = {
			isa = PBXTargetDependency;
			target = 92837569193A494D0000CCD6 /* Inutivent */;
			targetProxy = 9283758A193A494D0000CCD6 /* PBXContainerItemProxy */;
		};
/* End PBXTargetDependency section */

/* Begin PBXVariantGroup section */
		92837576193A494D0000CCD6 /* InfoPlist.strings */ = {
			isa = PBXVariantGroup;
			children = (
				92837577193A494D0000CCD6 /* en */,
			);
			name = InfoPlist.strings;
			sourceTree = "<group>";
		};
		9283758F193A494D0000CCD6 /* InfoPlist.strings */ = {
			isa = PBXVariantGroup;
			children = (
				92837590193A494D0000CCD6 /* en */,
			);
			name = InfoPlist.strings;
			sourceTree = "<group>";
		};
/* End PBXVariantGroup section */

/* Begin XCBuildConfiguration section */
		92837594193A494D0000CCD6 /* Debug */ = {
			isa = XCBuildConfiguration;
			buildSettings = {
				ALWAYS_SEARCH_USER_PATHS = NO;
				CLANG_CXX_LANGUAGE_STANDARD = "gnu++0x";
				CLANG_CXX_LIBRARY = "libc++";
				CLANG_ENABLE_MODULES = YES;
				CLANG_ENABLE_OBJC_ARC = YES;
				CLANG_WARN_BOOL_CONVERSION = YES;
				CLANG_WARN_CONSTANT_CONVERSION = YES;
				CLANG_WARN_DIRECT_OBJC_ISA_USAGE = YES_ERROR;
				CLANG_WARN_EMPTY_BODY = YES;
				CLANG_WARN_ENUM_CONVERSION = YES;
				CLANG_WARN_INT_CONVERSION = YES;
				CLANG_WARN_OBJC_ROOT_CLASS = YES_ERROR;
				CLANG_WARN__DUPLICATE_METHOD_MATCH = YES;
				"CODE_SIGN_IDENTITY[sdk=iphoneos*]" = "iPhone Developer";
				COPY_PHASE_STRIP = NO;
				GCC_C_LANGUAGE_STANDARD = gnu99;
				GCC_DYNAMIC_NO_PIC = NO;
				GCC_OPTIMIZATION_LEVEL = 0;
				GCC_PREPROCESSOR_DEFINITIONS = (
					"DEBUG=1",
					"$(inherited)",
				);
				GCC_SYMBOLS_PRIVATE_EXTERN = NO;
				GCC_WARN_64_TO_32_BIT_CONVERSION = YES;
				GCC_WARN_ABOUT_RETURN_TYPE = YES_ERROR;
				GCC_WARN_UNDECLARED_SELECTOR = YES;
				GCC_WARN_UNINITIALIZED_AUTOS = YES_AGGRESSIVE;
				GCC_WARN_UNUSED_FUNCTION = YES;
				GCC_WARN_UNUSED_VARIABLE = YES;
				IPHONEOS_DEPLOYMENT_TARGET = 7.1;
				ONLY_ACTIVE_ARCH = YES;
				SDKROOT = iphoneos;
			};
			name = Debug;
		};
		92837595193A494D0000CCD6 /* Release */ = {
			isa = XCBuildConfiguration;
			buildSettings = {
				ALWAYS_SEARCH_USER_PATHS = NO;
				CLANG_CXX_LANGUAGE_STANDARD = "gnu++0x";
				CLANG_CXX_LIBRARY = "libc++";
				CLANG_ENABLE_MODULES = YES;
				CLANG_ENABLE_OBJC_ARC = YES;
				CLANG_WARN_BOOL_CONVERSION = YES;
				CLANG_WARN_CONSTANT_CONVERSION = YES;
				CLANG_WARN_DIRECT_OBJC_ISA_USAGE = YES_ERROR;
				CLANG_WARN_EMPTY_BODY = YES;
				CLANG_WARN_ENUM_CONVERSION = YES;
				CLANG_WARN_INT_CONVERSION = YES;
				CLANG_WARN_OBJC_ROOT_CLASS = YES_ERROR;
				CLANG_WARN__DUPLICATE_METHOD_MATCH = YES;
				"CODE_SIGN_IDENTITY[sdk=iphoneos*]" = "iPhone Developer";
				COPY_PHASE_STRIP = YES;
				ENABLE_NS_ASSERTIONS = NO;
				GCC_C_LANGUAGE_STANDARD = gnu99;
				GCC_WARN_64_TO_32_BIT_CONVERSION = YES;
				GCC_WARN_ABOUT_RETURN_TYPE = YES_ERROR;
				GCC_WARN_UNDECLARED_SELECTOR = YES;
				GCC_WARN_UNINITIALIZED_AUTOS = YES_AGGRESSIVE;
				GCC_WARN_UNUSED_FUNCTION = YES;
				GCC_WARN_UNUSED_VARIABLE = YES;
				IPHONEOS_DEPLOYMENT_TARGET = 7.1;
				SDKROOT = iphoneos;
				VALIDATE_PRODUCT = YES;
			};
			name = Release;
		};
		92837597193A494D0000CCD6 /* Debug */ = {
			isa = XCBuildConfiguration;
			buildSettings = {
				ASSETCATALOG_COMPILER_APPICON_NAME = AppIcon;
				ASSETCATALOG_COMPILER_LAUNCHIMAGE_NAME = LaunchImage;
				CODE_SIGN_IDENTITY = "iPhone Developer";
				GCC_PRECOMPILE_PREFIX_HEADER = YES;
				GCC_PREFIX_HEADER = "Inutivent-iOS/Inutivent-iOS-Prefix.pch";
				INFOPLIST_FILE = "Inutivent-iOS/Inutivent-iOS-Info.plist";
				IPHONEOS_DEPLOYMENT_TARGET = 6.0;
				PRODUCT_NAME = "$(TARGET_NAME)";
				WRAPPER_EXTENSION = app;
			};
			name = Debug;
		};
		92837598193A494D0000CCD6 /* Release */ = {
			isa = XCBuildConfiguration;
			buildSettings = {
				ASSETCATALOG_COMPILER_APPICON_NAME = AppIcon;
				ASSETCATALOG_COMPILER_LAUNCHIMAGE_NAME = LaunchImage;
				CODE_SIGN_IDENTITY = "iPhone Developer";
				GCC_PRECOMPILE_PREFIX_HEADER = YES;
				GCC_PREFIX_HEADER = "Inutivent-iOS/Inutivent-iOS-Prefix.pch";
				INFOPLIST_FILE = "Inutivent-iOS/Inutivent-iOS-Info.plist";
				IPHONEOS_DEPLOYMENT_TARGET = 6.0;
				PRODUCT_NAME = "$(TARGET_NAME)";
				WRAPPER_EXTENSION = app;
			};
			name = Release;
		};
		9283759A193A494D0000CCD6 /* Debug */ = {
			isa = XCBuildConfiguration;
			buildSettings = {
				BUNDLE_LOADER = "$(BUILT_PRODUCTS_DIR)/Inutivent-iOS.app/Inutivent-iOS";
				FRAMEWORK_SEARCH_PATHS = (
					"$(SDKROOT)/Developer/Library/Frameworks",
					"$(inherited)",
					"$(DEVELOPER_FRAMEWORKS_DIR)",
				);
				GCC_PRECOMPILE_PREFIX_HEADER = YES;
				GCC_PREFIX_HEADER = "Inutivent-iOS/Inutivent-iOS-Prefix.pch";
				GCC_PREPROCESSOR_DEFINITIONS = (
					"DEBUG=1",
					"$(inherited)",
				);
				INFOPLIST_FILE = "Inutivent-iOSTests/Inutivent-iOSTests-Info.plist";
				PRODUCT_NAME = "$(TARGET_NAME)";
				TEST_HOST = "$(BUNDLE_LOADER)";
				WRAPPER_EXTENSION = xctest;
			};
			name = Debug;
		};
		9283759B193A494D0000CCD6 /* Release */ = {
			isa = XCBuildConfiguration;
			buildSettings = {
				BUNDLE_LOADER = "$(BUILT_PRODUCTS_DIR)/Inutivent-iOS.app/Inutivent-iOS";
				FRAMEWORK_SEARCH_PATHS = (
					"$(SDKROOT)/Developer/Library/Frameworks",
					"$(inherited)",
					"$(DEVELOPER_FRAMEWORKS_DIR)",
				);
				GCC_PRECOMPILE_PREFIX_HEADER = YES;
				GCC_PREFIX_HEADER = "Inutivent-iOS/Inutivent-iOS-Prefix.pch";
				INFOPLIST_FILE = "Inutivent-iOSTests/Inutivent-iOSTests-Info.plist";
				PRODUCT_NAME = "$(TARGET_NAME)";
				TEST_HOST = "$(BUNDLE_LOADER)";
				WRAPPER_EXTENSION = xctest;
			};
			name = Release;
		};
/* End XCBuildConfiguration section */

/* Begin XCConfigurationList section */
		92837565193A494D0000CCD6 /* Build configuration list for PBXProject "Inutivent-iOS" */ = {
			isa = XCConfigurationList;
			buildConfigurations = (
				92837594193A494D0000CCD6 /* Debug */,
				92837595193A494D0000CCD6 /* Release */,
			);
			defaultConfigurationIsVisible = 0;
			defaultConfigurationName = Release;
		};
		92837596193A494D0000CCD6 /* Build configuration list for PBXNativeTarget "Inutivent" */ = {
			isa = XCConfigurationList;
			buildConfigurations = (
				92837597193A494D0000CCD6 /* Debug */,
				92837598193A494D0000CCD6 /* Release */,
			);
			defaultConfigurationIsVisible = 0;
			defaultConfigurationName = Release;
		};
		92837599193A494D0000CCD6 /* Build configuration list for PBXNativeTarget "Inutivent-Tests" */ = {
			isa = XCConfigurationList;
			buildConfigurations = (
				9283759A193A494D0000CCD6 /* Debug */,
				9283759B193A494D0000CCD6 /* Release */,
			);
			defaultConfigurationIsVisible = 0;
			defaultConfigurationName = Release;
		};
/* End XCConfigurationList section */
	};
	rootObject = 92837562193A494D0000CCD6 /* Project object */;
}
